// !$*UTF8*$!
{
	archiveVersion = 1;
	classes = {
	};
	objectVersion = 56;
	objects = {

/* Begin PBXBuildFile section */
		9D1780612998F9A4004019D3 /* DogGram2App.swift in Sources */ = {isa = PBXBuildFile; fileRef = 9D1780602998F9A4004019D3 /* DogGram2App.swift */; };
		9D1780632998F9A4004019D3 /* ContentView.swift in Sources */ = {isa = PBXBuildFile; fileRef = 9D1780622998F9A4004019D3 /* ContentView.swift */; };
		9D1780652998F9A6004019D3 /* Assets.xcassets in Resources */ = {isa = PBXBuildFile; fileRef = 9D1780642998F9A6004019D3 /* Assets.xcassets */; };
		9D1780682998F9A6004019D3 /* Preview Assets.xcassets in Resources */ = {isa = PBXBuildFile; fileRef = 9D1780672998F9A6004019D3 /* Preview Assets.xcassets */; };
		9D1837DD29D1CB67007E5952 /* UploadView.swift in Sources */ = {isa = PBXBuildFile; fileRef = 9D1837DC29D1CB67007E5952 /* UploadView.swift */; };
		9D260D9A29D7BD7700ACBE84 /* SettingsView.swift in Sources */ = {isa = PBXBuildFile; fileRef = 9D260D9929D7BD7700ACBE84 /* SettingsView.swift */; };
		9D260D9C29D7BF2D00ACBE84 /* SettingsLabelView.swift in Sources */ = {isa = PBXBuildFile; fileRef = 9D260D9B29D7BF2D00ACBE84 /* SettingsLabelView.swift */; };
		9D260D9E29D7C0B600ACBE84 /* SettingsRowView.swift in Sources */ = {isa = PBXBuildFile; fileRef = 9D260D9D29D7C0B600ACBE84 /* SettingsRowView.swift */; };
		9D260DA029D7C54F00ACBE84 /* SettingsEditTextView.swift in Sources */ = {isa = PBXBuildFile; fileRef = 9D260D9F29D7C54F00ACBE84 /* SettingsEditTextView.swift */; };
		9D260DA229D7C88B00ACBE84 /* SettingsEditImageView.swift in Sources */ = {isa = PBXBuildFile; fileRef = 9D260DA129D7C88B00ACBE84 /* SettingsEditImageView.swift */; };
		9D260DA429D7D40700ACBE84 /* SignUpView.swift in Sources */ = {isa = PBXBuildFile; fileRef = 9D260DA329D7D40700ACBE84 /* SignUpView.swift */; };
		9D260DA629D7D63400ACBE84 /* OnboardingView.swift in Sources */ = {isa = PBXBuildFile; fileRef = 9D260DA529D7D63400ACBE84 /* OnboardingView.swift */; };
		9D260DA829D7D75D00ACBE84 /* SignInWithAppleButtonCustom.swift in Sources */ = {isa = PBXBuildFile; fileRef = 9D260DA729D7D75D00ACBE84 /* SignInWithAppleButtonCustom.swift */; };
		9D260DAA29D7D91D00ACBE84 /* OnboardingViewPart2.swift in Sources */ = {isa = PBXBuildFile; fileRef = 9D260DA929D7D91D00ACBE84 /* OnboardingViewPart2.swift */; };
		9D260DAC29D7DCB300ACBE84 /* LikeAnimationView.swift in Sources */ = {isa = PBXBuildFile; fileRef = 9D260DAB29D7DCB300ACBE84 /* LikeAnimationView.swift */; };
		9D32110029CB270200F8489E /* PostModel.swift in Sources */ = {isa = PBXBuildFile; fileRef = 9D3210FF29CB270200F8489E /* PostModel.swift */; };
		9D32110229CB293F00F8489E /* PostArrayObject.swift in Sources */ = {isa = PBXBuildFile; fileRef = 9D32110129CB293F00F8489E /* PostArrayObject.swift */; };
		9D3B385629D742F9005B293A /* ProfileView.swift in Sources */ = {isa = PBXBuildFile; fileRef = 9D3B385529D742F9005B293A /* ProfileView.swift */; };
		9D3B385829D743BD005B293A /* ProfileHeaderView.swift in Sources */ = {isa = PBXBuildFile; fileRef = 9D3B385729D743BD005B293A /* ProfileHeaderView.swift */; };
		9D56767829CDB8D50047DBDF /* BrowseView.swift in Sources */ = {isa = PBXBuildFile; fileRef = 9D56767729CDB8D50047DBDF /* BrowseView.swift */; };
		9D56767A29CDB9A60047DBDF /* CarouselView.swift in Sources */ = {isa = PBXBuildFile; fileRef = 9D56767929CDB9A60047DBDF /* CarouselView.swift */; };
		9D625E8929CBF671003F5477 /* CommentsView.swift in Sources */ = {isa = PBXBuildFile; fileRef = 9D625E8829CBF671003F5477 /* CommentsView.swift */; };
		9D67DC0029CC84D3006D0C87 /* MessageView.swift in Sources */ = {isa = PBXBuildFile; fileRef = 9D67DBFF29CC84D3006D0C87 /* MessageView.swift */; };
		9D67DC0229CC85B8006D0C87 /* CommentModel.swift in Sources */ = {isa = PBXBuildFile; fileRef = 9D67DC0129CC85B8006D0C87 /* CommentModel.swift */; };
		9D827DBE2998FE8D00D0BABA /* LaunchScreen.storyboard in Resources */ = {isa = PBXBuildFile; fileRef = 9D827DBD2998FE8D00D0BABA /* LaunchScreen.storyboard */; };
		9DA57F9729D90F5D0047B5EC /* GoogleService-Info.plist in Resources */ = {isa = PBXBuildFile; fileRef = 9DA57F9629D90F5D0047B5EC /* GoogleService-Info.plist */; };
		9DA57F9A29D916D80047B5EC /* FirebaseAnalytics in Frameworks */ = {isa = PBXBuildFile; productRef = 9DA57F9929D916D80047B5EC /* FirebaseAnalytics */; };
		9DA57F9C29D916D80047B5EC /* FirebaseAnalyticsSwift in Frameworks */ = {isa = PBXBuildFile; productRef = 9DA57F9B29D916D80047B5EC /* FirebaseAnalyticsSwift */; };
		9DA57F9E29D916D80047B5EC /* FirebaseAuth in Frameworks */ = {isa = PBXBuildFile; productRef = 9DA57F9D29D916D80047B5EC /* FirebaseAuth */; };
		9DA57FA029D916D80047B5EC /* FirebaseAuthCombine-Community in Frameworks */ = {isa = PBXBuildFile; productRef = 9DA57F9F29D916D80047B5EC /* FirebaseAuthCombine-Community */; };
		9DA57FA229D916D80047B5EC /* FirebaseFirestore in Frameworks */ = {isa = PBXBuildFile; productRef = 9DA57FA129D916D80047B5EC /* FirebaseFirestore */; };
		9DA57FA429D916D80047B5EC /* FirebaseFirestoreSwift in Frameworks */ = {isa = PBXBuildFile; productRef = 9DA57FA329D916D80047B5EC /* FirebaseFirestoreSwift */; };
		9DA57FA629D916D80047B5EC /* FirebaseStorage in Frameworks */ = {isa = PBXBuildFile; productRef = 9DA57FA529D916D80047B5EC /* FirebaseStorage */; };
		9DA57FAB29D92F210047B5EC /* SignInWithApple.swift in Sources */ = {isa = PBXBuildFile; fileRef = 9DA57FAA29D92F210047B5EC /* SignInWithApple.swift */; };
		9DA57FAF29D942FD0047B5EC /* GoogleSignIn in Frameworks */ = {isa = PBXBuildFile; productRef = 9DA57FAE29D942FD0047B5EC /* GoogleSignIn */; };
		9DA57FB129D942FD0047B5EC /* GoogleSignInSwift in Frameworks */ = {isa = PBXBuildFile; productRef = 9DA57FB029D942FD0047B5EC /* GoogleSignInSwift */; };
		9DA57FB429D9464B0047B5EC /* Utilities.swift in Sources */ = {isa = PBXBuildFile; fileRef = 9DA57FB329D9464B0047B5EC /* Utilities.swift */; };
		9DA57FB629D948E40047B5EC /* AuthenticationManager.swift in Sources */ = {isa = PBXBuildFile; fileRef = 9DA57FB529D948E40047B5EC /* AuthenticationManager.swift */; };
		9DA57FB829D958CF0047B5EC /* SignInGoogleHelper.swift in Sources */ = {isa = PBXBuildFile; fileRef = 9DA57FB729D958CF0047B5EC /* SignInGoogleHelper.swift */; };
		9DA57FBA29D96BBF0047B5EC /* SignInAppleHelper.swift in Sources */ = {isa = PBXBuildFile; fileRef = 9DA57FB929D96BBF0047B5EC /* SignInAppleHelper.swift */; };
		9DAE7D0329C893E300105920 /* Extensions.swift in Sources */ = {isa = PBXBuildFile; fileRef = 9DAE7D0229C893E300105920 /* Extensions.swift */; };
		9DD4C90129C950E30071D633 /* FeedView.swift in Sources */ = {isa = PBXBuildFile; fileRef = 9DD4C90029C950E30071D633 /* FeedView.swift */; };
		9DD4C90329C951480071D633 /* PostView.swift in Sources */ = {isa = PBXBuildFile; fileRef = 9DD4C90229C951480071D633 /* PostView.swift */; };
		9DE3918829D48CEE003DA6D0 /* PostImageView.swift in Sources */ = {isa = PBXBuildFile; fileRef = 9DE3918729D48CEE003DA6D0 /* PostImageView.swift */; };
		9DE8A1F829D32F0E006D09C8 /* ImagePicker.swift in Sources */ = {isa = PBXBuildFile; fileRef = 9DE8A1F729D32F0E006D09C8 /* ImagePicker.swift */; };
		9DF121D229CFD8C100AFB1C8 /* ImageGridView.swift in Sources */ = {isa = PBXBuildFile; fileRef = 9DF121D129CFD8C100AFB1C8 /* ImageGridView.swift */; };
/* End PBXBuildFile section */

/* Begin PBXFileReference section */
		9D17805D2998F9A4004019D3 /* DogGram2.app */ = {isa = PBXFileReference; explicitFileType = wrapper.application; includeInIndex = 0; path = DogGram2.app; sourceTree = BUILT_PRODUCTS_DIR; };
		9D1780602998F9A4004019D3 /* DogGram2App.swift */ = {isa = PBXFileReference; lastKnownFileType = sourcecode.swift; path = DogGram2App.swift; sourceTree = "<group>"; };
		9D1780622998F9A4004019D3 /* ContentView.swift */ = {isa = PBXFileReference; lastKnownFileType = sourcecode.swift; path = ContentView.swift; sourceTree = "<group>"; };
		9D1780642998F9A6004019D3 /* Assets.xcassets */ = {isa = PBXFileReference; lastKnownFileType = folder.assetcatalog; path = Assets.xcassets; sourceTree = "<group>"; };
		9D1780672998F9A6004019D3 /* Preview Assets.xcassets */ = {isa = PBXFileReference; lastKnownFileType = folder.assetcatalog; path = "Preview Assets.xcassets"; sourceTree = "<group>"; };
		9D1837DC29D1CB67007E5952 /* UploadView.swift */ = {isa = PBXFileReference; lastKnownFileType = sourcecode.swift; path = UploadView.swift; sourceTree = "<group>"; };
		9D260D9929D7BD7700ACBE84 /* SettingsView.swift */ = {isa = PBXFileReference; lastKnownFileType = sourcecode.swift; path = SettingsView.swift; sourceTree = "<group>"; };
		9D260D9B29D7BF2D00ACBE84 /* SettingsLabelView.swift */ = {isa = PBXFileReference; lastKnownFileType = sourcecode.swift; path = SettingsLabelView.swift; sourceTree = "<group>"; };
		9D260D9D29D7C0B600ACBE84 /* SettingsRowView.swift */ = {isa = PBXFileReference; lastKnownFileType = sourcecode.swift; path = SettingsRowView.swift; sourceTree = "<group>"; };
		9D260D9F29D7C54F00ACBE84 /* SettingsEditTextView.swift */ = {isa = PBXFileReference; lastKnownFileType = sourcecode.swift; path = SettingsEditTextView.swift; sourceTree = "<group>"; };
		9D260DA129D7C88B00ACBE84 /* SettingsEditImageView.swift */ = {isa = PBXFileReference; lastKnownFileType = sourcecode.swift; path = SettingsEditImageView.swift; sourceTree = "<group>"; };
		9D260DA329D7D40700ACBE84 /* SignUpView.swift */ = {isa = PBXFileReference; lastKnownFileType = sourcecode.swift; path = SignUpView.swift; sourceTree = "<group>"; };
		9D260DA529D7D63400ACBE84 /* OnboardingView.swift */ = {isa = PBXFileReference; lastKnownFileType = sourcecode.swift; path = OnboardingView.swift; sourceTree = "<group>"; };
		9D260DA729D7D75D00ACBE84 /* SignInWithAppleButtonCustom.swift */ = {isa = PBXFileReference; lastKnownFileType = sourcecode.swift; path = SignInWithAppleButtonCustom.swift; sourceTree = "<group>"; };
		9D260DA929D7D91D00ACBE84 /* OnboardingViewPart2.swift */ = {isa = PBXFileReference; lastKnownFileType = sourcecode.swift; path = OnboardingViewPart2.swift; sourceTree = "<group>"; };
		9D260DAB29D7DCB300ACBE84 /* LikeAnimationView.swift */ = {isa = PBXFileReference; lastKnownFileType = sourcecode.swift; path = LikeAnimationView.swift; sourceTree = "<group>"; };
		9D3210FF29CB270200F8489E /* PostModel.swift */ = {isa = PBXFileReference; lastKnownFileType = sourcecode.swift; path = PostModel.swift; sourceTree = "<group>"; };
		9D32110129CB293F00F8489E /* PostArrayObject.swift */ = {isa = PBXFileReference; lastKnownFileType = sourcecode.swift; path = PostArrayObject.swift; sourceTree = "<group>"; };
		9D3B385529D742F9005B293A /* ProfileView.swift */ = {isa = PBXFileReference; lastKnownFileType = sourcecode.swift; path = ProfileView.swift; sourceTree = "<group>"; };
		9D3B385729D743BD005B293A /* ProfileHeaderView.swift */ = {isa = PBXFileReference; lastKnownFileType = sourcecode.swift; path = ProfileHeaderView.swift; sourceTree = "<group>"; };
		9D56767729CDB8D50047DBDF /* BrowseView.swift */ = {isa = PBXFileReference; lastKnownFileType = sourcecode.swift; path = BrowseView.swift; sourceTree = "<group>"; };
		9D56767929CDB9A60047DBDF /* CarouselView.swift */ = {isa = PBXFileReference; lastKnownFileType = sourcecode.swift; path = CarouselView.swift; sourceTree = "<group>"; };
		9D625E8829CBF671003F5477 /* CommentsView.swift */ = {isa = PBXFileReference; lastKnownFileType = sourcecode.swift; path = CommentsView.swift; sourceTree = "<group>"; };
		9D67DBFF29CC84D3006D0C87 /* MessageView.swift */ = {isa = PBXFileReference; lastKnownFileType = sourcecode.swift; path = MessageView.swift; sourceTree = "<group>"; };
		9D67DC0129CC85B8006D0C87 /* CommentModel.swift */ = {isa = PBXFileReference; lastKnownFileType = sourcecode.swift; path = CommentModel.swift; sourceTree = "<group>"; };
		9D827DBD2998FE8D00D0BABA /* LaunchScreen.storyboard */ = {isa = PBXFileReference; lastKnownFileType = file.storyboard; path = LaunchScreen.storyboard; sourceTree = "<group>"; };
		9DA57F9629D90F5D0047B5EC /* GoogleService-Info.plist */ = {isa = PBXFileReference; fileEncoding = 4; lastKnownFileType = text.plist.xml; path = "GoogleService-Info.plist"; sourceTree = "<group>"; };
		9DA57FA729D92E620047B5EC /* DogGram2.entitlements */ = {isa = PBXFileReference; lastKnownFileType = text.plist.entitlements; path = DogGram2.entitlements; sourceTree = "<group>"; };
		9DA57FAA29D92F210047B5EC /* SignInWithApple.swift */ = {isa = PBXFileReference; lastKnownFileType = sourcecode.swift; path = SignInWithApple.swift; sourceTree = "<group>"; };
		9DA57FAC29D9416D0047B5EC /* Info.plist */ = {isa = PBXFileReference; lastKnownFileType = text.plist; path = Info.plist; sourceTree = "<group>"; };
		9DA57FB329D9464B0047B5EC /* Utilities.swift */ = {isa = PBXFileReference; lastKnownFileType = sourcecode.swift; path = Utilities.swift; sourceTree = "<group>"; };
		9DA57FB529D948E40047B5EC /* AuthenticationManager.swift */ = {isa = PBXFileReference; lastKnownFileType = sourcecode.swift; path = AuthenticationManager.swift; sourceTree = "<group>"; };
		9DA57FB729D958CF0047B5EC /* SignInGoogleHelper.swift */ = {isa = PBXFileReference; lastKnownFileType = sourcecode.swift; path = SignInGoogleHelper.swift; sourceTree = "<group>"; };
		9DA57FB929D96BBF0047B5EC /* SignInAppleHelper.swift */ = {isa = PBXFileReference; lastKnownFileType = sourcecode.swift; path = SignInAppleHelper.swift; sourceTree = "<group>"; };
		9DAE7D0229C893E300105920 /* Extensions.swift */ = {isa = PBXFileReference; lastKnownFileType = sourcecode.swift; path = Extensions.swift; sourceTree = "<group>"; };
		9DD4C90029C950E30071D633 /* FeedView.swift */ = {isa = PBXFileReference; lastKnownFileType = sourcecode.swift; path = FeedView.swift; sourceTree = "<group>"; };
		9DD4C90229C951480071D633 /* PostView.swift */ = {isa = PBXFileReference; lastKnownFileType = sourcecode.swift; path = PostView.swift; sourceTree = "<group>"; };
		9DE3918729D48CEE003DA6D0 /* PostImageView.swift */ = {isa = PBXFileReference; lastKnownFileType = sourcecode.swift; path = PostImageView.swift; sourceTree = "<group>"; };
		9DE8A1F729D32F0E006D09C8 /* ImagePicker.swift */ = {isa = PBXFileReference; lastKnownFileType = sourcecode.swift; path = ImagePicker.swift; sourceTree = "<group>"; };
		9DF121D129CFD8C100AFB1C8 /* ImageGridView.swift */ = {isa = PBXFileReference; lastKnownFileType = sourcecode.swift; path = ImageGridView.swift; sourceTree = "<group>"; };
/* End PBXFileReference section */

/* Begin PBXFrameworksBuildPhase section */
		9D17805A2998F9A4004019D3 /* Frameworks */ = {
			isa = PBXFrameworksBuildPhase;
			buildActionMask = 2147483647;
			files = (
				9DA57FB129D942FD0047B5EC /* GoogleSignInSwift in Frameworks */,
				9DA57F9C29D916D80047B5EC /* FirebaseAnalyticsSwift in Frameworks */,
				9DA57FAF29D942FD0047B5EC /* GoogleSignIn in Frameworks */,
				9DA57F9E29D916D80047B5EC /* FirebaseAuth in Frameworks */,
				9DA57F9A29D916D80047B5EC /* FirebaseAnalytics in Frameworks */,
				9DA57FA229D916D80047B5EC /* FirebaseFirestore in Frameworks */,
				9DA57FA629D916D80047B5EC /* FirebaseStorage in Frameworks */,
				9DA57FA029D916D80047B5EC /* FirebaseAuthCombine-Community in Frameworks */,
				9DA57FA429D916D80047B5EC /* FirebaseFirestoreSwift in Frameworks */,
			);
			runOnlyForDeploymentPostprocessing = 0;
		};
/* End PBXFrameworksBuildPhase section */

/* Begin PBXGroup section */
		9D1780542998F9A4004019D3 = {
			isa = PBXGroup;
			children = (
				9D17805F2998F9A4004019D3 /* DogGram2 */,
				9D17805E2998F9A4004019D3 /* Products */,
			);
			sourceTree = "<group>";
		};
		9D17805E2998F9A4004019D3 /* Products */ = {
			isa = PBXGroup;
			children = (
				9D17805D2998F9A4004019D3 /* DogGram2.app */,
			);
			name = Products;
			sourceTree = "<group>";
		};
		9D17805F2998F9A4004019D3 /* DogGram2 */ = {
			isa = PBXGroup;
			children = (
				9DA57FAC29D9416D0047B5EC /* Info.plist */,
				9DA57FB229D9463A0047B5EC /* Utilities */,
				9DA57FA829D92F040047B5EC /* Services */,
				9DA57FA729D92E620047B5EC /* DogGram2.entitlements */,
				9D3210FE29CB26F900F8489E /* Models */,
				9DAE7D0129C893D400105920 /* Helpers */,
				9DCEAFD629C891BC00D5EF02 /* Views */,
				9D1780642998F9A6004019D3 /* Assets.xcassets */,
				9DA57F9629D90F5D0047B5EC /* GoogleService-Info.plist */,
				9D827DBD2998FE8D00D0BABA /* LaunchScreen.storyboard */,
				9D1780662998F9A6004019D3 /* Preview Content */,
			);
			path = DogGram2;
			sourceTree = "<group>";
		};
		9D1780662998F9A6004019D3 /* Preview Content */ = {
			isa = PBXGroup;
			children = (
				9D1780672998F9A6004019D3 /* Preview Assets.xcassets */,
			);
			path = "Preview Content";
			sourceTree = "<group>";
		};
		9D3210FE29CB26F900F8489E /* Models */ = {
			isa = PBXGroup;
			children = (
				9D3210FF29CB270200F8489E /* PostModel.swift */,
				9D32110129CB293F00F8489E /* PostArrayObject.swift */,
				9D67DC0129CC85B8006D0C87 /* CommentModel.swift */,
			);
			path = Models;
			sourceTree = "<group>";
		};
		9DA57FA829D92F040047B5EC /* Services */ = {
			isa = PBXGroup;
			children = (
				9DA57FB529D948E40047B5EC /* AuthenticationManager.swift */,
				9DA57FA929D92F0C0047B5EC /* SignInProviders */,
			);
			path = Services;
			sourceTree = "<group>";
		};
		9DA57FA929D92F0C0047B5EC /* SignInProviders */ = {
			isa = PBXGroup;
			children = (
				9D260DA729D7D75D00ACBE84 /* SignInWithAppleButtonCustom.swift */,
				9DA57FAA29D92F210047B5EC /* SignInWithApple.swift */,
				9DA57FB729D958CF0047B5EC /* SignInGoogleHelper.swift */,
				9DA57FB929D96BBF0047B5EC /* SignInAppleHelper.swift */,
			);
			path = SignInProviders;
			sourceTree = "<group>";
		};
		9DA57FB229D9463A0047B5EC /* Utilities */ = {
			isa = PBXGroup;
			children = (
				9DA57FB329D9464B0047B5EC /* Utilities.swift */,
			);
			path = Utilities;
			sourceTree = "<group>";
		};
		9DAE7D0129C893D400105920 /* Helpers */ = {
			isa = PBXGroup;
			children = (
				9DAE7D0229C893E300105920 /* Extensions.swift */,
			);
			path = Helpers;
			sourceTree = "<group>";
		};
		9DCEAFD629C891BC00D5EF02 /* Views */ = {
			isa = PBXGroup;
			children = (
				9DCEAFD829C891C500D5EF02 /* Subviews */,
				9DCEAFD729C891C100D5EF02 /* Screens */,
			);
			path = Views;
			sourceTree = "<group>";
		};
		9DCEAFD729C891C100D5EF02 /* Screens */ = {
			isa = PBXGroup;
			children = (
				9D1780602998F9A4004019D3 /* DogGram2App.swift */,
				9D1780622998F9A4004019D3 /* ContentView.swift */,
				9D1837DC29D1CB67007E5952 /* UploadView.swift */,
				9DD4C90029C950E30071D633 /* FeedView.swift */,
				9D625E8829CBF671003F5477 /* CommentsView.swift */,
				9D56767729CDB8D50047DBDF /* BrowseView.swift */,
				9DE3918729D48CEE003DA6D0 /* PostImageView.swift */,
				9D3B385529D742F9005B293A /* ProfileView.swift */,
				9D260D9929D7BD7700ACBE84 /* SettingsView.swift */,
				9D260D9F29D7C54F00ACBE84 /* SettingsEditTextView.swift */,
				9D260DA129D7C88B00ACBE84 /* SettingsEditImageView.swift */,
				9D260DA329D7D40700ACBE84 /* SignUpView.swift */,
				9D260DA529D7D63400ACBE84 /* OnboardingView.swift */,
				9D260DA929D7D91D00ACBE84 /* OnboardingViewPart2.swift */,
			);
			path = Screens;
			sourceTree = "<group>";
		};
		9DCEAFD829C891C500D5EF02 /* Subviews */ = {
			isa = PBXGroup;
			children = (
				9DD4C90229C951480071D633 /* PostView.swift */,
				9D67DBFF29CC84D3006D0C87 /* MessageView.swift */,
				9D56767929CDB9A60047DBDF /* CarouselView.swift */,
				9DF121D129CFD8C100AFB1C8 /* ImageGridView.swift */,
				9DE8A1F729D32F0E006D09C8 /* ImagePicker.swift */,
				9D3B385729D743BD005B293A /* ProfileHeaderView.swift */,
				9D260D9B29D7BF2D00ACBE84 /* SettingsLabelView.swift */,
				9D260D9D29D7C0B600ACBE84 /* SettingsRowView.swift */,
				9D260DAB29D7DCB300ACBE84 /* LikeAnimationView.swift */,
			);
			path = Subviews;
			sourceTree = "<group>";
		};
/* End PBXGroup section */

/* Begin PBXNativeTarget section */
		9D17805C2998F9A4004019D3 /* DogGram2 */ = {
			isa = PBXNativeTarget;
			buildConfigurationList = 9D17806B2998F9A6004019D3 /* Build configuration list for PBXNativeTarget "DogGram2" */;
			buildPhases = (
				9D1780592998F9A4004019D3 /* Sources */,
				9D17805A2998F9A4004019D3 /* Frameworks */,
				9D17805B2998F9A4004019D3 /* Resources */,
			);
			buildRules = (
			);
			dependencies = (
			);
			name = DogGram2;
			packageProductDependencies = (
				9DA57F9929D916D80047B5EC /* FirebaseAnalytics */,
				9DA57F9B29D916D80047B5EC /* FirebaseAnalyticsSwift */,
				9DA57F9D29D916D80047B5EC /* FirebaseAuth */,
				9DA57F9F29D916D80047B5EC /* FirebaseAuthCombine-Community */,
				9DA57FA129D916D80047B5EC /* FirebaseFirestore */,
				9DA57FA329D916D80047B5EC /* FirebaseFirestoreSwift */,
				9DA57FA529D916D80047B5EC /* FirebaseStorage */,
				9DA57FAE29D942FD0047B5EC /* GoogleSignIn */,
				9DA57FB029D942FD0047B5EC /* GoogleSignInSwift */,
			);
			productName = DogGram2;
			productReference = 9D17805D2998F9A4004019D3 /* DogGram2.app */;
			productType = "com.apple.product-type.application";
		};
/* End PBXNativeTarget section */

/* Begin PBXProject section */
		9D1780552998F9A4004019D3 /* Project object */ = {
			isa = PBXProject;
			attributes = {
				BuildIndependentTargetsInParallel = 1;
				LastSwiftUpdateCheck = 1420;
				LastUpgradeCheck = 1420;
				TargetAttributes = {
					9D17805C2998F9A4004019D3 = {
						CreatedOnToolsVersion = 14.2;
					};
				};
			};
			buildConfigurationList = 9D1780582998F9A4004019D3 /* Build configuration list for PBXProject "DogGram2" */;
			compatibilityVersion = "Xcode 14.0";
			developmentRegion = en;
			hasScannedForEncodings = 0;
			knownRegions = (
				en,
				Base,
			);
			mainGroup = 9D1780542998F9A4004019D3;
			packageReferences = (
				9DA57F9829D916D80047B5EC /* XCRemoteSwiftPackageReference "firebase-ios-sdk" */,
				9DA57FAD29D942FD0047B5EC /* XCRemoteSwiftPackageReference "GoogleSignIn-iOS" */,
			);
			productRefGroup = 9D17805E2998F9A4004019D3 /* Products */;
			projectDirPath = "";
			projectRoot = "";
			targets = (
				9D17805C2998F9A4004019D3 /* DogGram2 */,
			);
		};
/* End PBXProject section */

/* Begin PBXResourcesBuildPhase section */
		9D17805B2998F9A4004019D3 /* Resources */ = {
			isa = PBXResourcesBuildPhase;
			buildActionMask = 2147483647;
			files = (
				9D827DBE2998FE8D00D0BABA /* LaunchScreen.storyboard in Resources */,
				9DA57F9729D90F5D0047B5EC /* GoogleService-Info.plist in Resources */,
				9D1780682998F9A6004019D3 /* Preview Assets.xcassets in Resources */,
				9D1780652998F9A6004019D3 /* Assets.xcassets in Resources */,
			);
			runOnlyForDeploymentPostprocessing = 0;
		};
/* End PBXResourcesBuildPhase section */

/* Begin PBXSourcesBuildPhase section */
		9D1780592998F9A4004019D3 /* Sources */ = {
			isa = PBXSourcesBuildPhase;
			buildActionMask = 2147483647;
			files = (
				9DD4C90129C950E30071D633 /* FeedView.swift in Sources */,
				9D260DA829D7D75D00ACBE84 /* SignInWithAppleButtonCustom.swift in Sources */,
				9D32110029CB270200F8489E /* PostModel.swift in Sources */,
				9D260D9C29D7BF2D00ACBE84 /* SettingsLabelView.swift in Sources */,
				9DE3918829D48CEE003DA6D0 /* PostImageView.swift in Sources */,
				9D260DA429D7D40700ACBE84 /* SignUpView.swift in Sources */,
				9D1780632998F9A4004019D3 /* ContentView.swift in Sources */,
				9D67DC0029CC84D3006D0C87 /* MessageView.swift in Sources */,
				9DAE7D0329C893E300105920 /* Extensions.swift in Sources */,
				9D32110229CB293F00F8489E /* PostArrayObject.swift in Sources */,
				9DF121D229CFD8C100AFB1C8 /* ImageGridView.swift in Sources */,
				9DD4C90329C951480071D633 /* PostView.swift in Sources */,
				9DA57FAB29D92F210047B5EC /* SignInWithApple.swift in Sources */,
				9D3B385629D742F9005B293A /* ProfileView.swift in Sources */,
				9D56767829CDB8D50047DBDF /* BrowseView.swift in Sources */,
				9D260DAC29D7DCB300ACBE84 /* LikeAnimationView.swift in Sources */,
				9D67DC0229CC85B8006D0C87 /* CommentModel.swift in Sources */,
				9D260DA229D7C88B00ACBE84 /* SettingsEditImageView.swift in Sources */,
				9DA57FB429D9464B0047B5EC /* Utilities.swift in Sources */,
				9D625E8929CBF671003F5477 /* CommentsView.swift in Sources */,
				9DA57FBA29D96BBF0047B5EC /* SignInAppleHelper.swift in Sources */,
				9D3B385829D743BD005B293A /* ProfileHeaderView.swift in Sources */,
				9D1837DD29D1CB67007E5952 /* UploadView.swift in Sources */,
				9D260DA629D7D63400ACBE84 /* OnboardingView.swift in Sources */,
				9DE8A1F829D32F0E006D09C8 /* ImagePicker.swift in Sources */,
				9DA57FB829D958CF0047B5EC /* SignInGoogleHelper.swift in Sources */,
				9D56767A29CDB9A60047DBDF /* CarouselView.swift in Sources */,
				9D1780612998F9A4004019D3 /* DogGram2App.swift in Sources */,
				9D260D9A29D7BD7700ACBE84 /* SettingsView.swift in Sources */,
				9D260DA029D7C54F00ACBE84 /* SettingsEditTextView.swift in Sources */,
				9DA57FB629D948E40047B5EC /* AuthenticationManager.swift in Sources */,
				9D260DAA29D7D91D00ACBE84 /* OnboardingViewPart2.swift in Sources */,
				9D260D9E29D7C0B600ACBE84 /* SettingsRowView.swift in Sources */,
			);
			runOnlyForDeploymentPostprocessing = 0;
		};
/* End PBXSourcesBuildPhase section */

/* Begin XCBuildConfiguration section */
		9D1780692998F9A6004019D3 /* Debug */ = {
			isa = XCBuildConfiguration;
			buildSettings = {
				ALWAYS_SEARCH_USER_PATHS = NO;
				CLANG_ANALYZER_NONNULL = YES;
				CLANG_ANALYZER_NUMBER_OBJECT_CONVERSION = YES_AGGRESSIVE;
				CLANG_CXX_LANGUAGE_STANDARD = "gnu++20";
				CLANG_ENABLE_MODULES = YES;
				CLANG_ENABLE_OBJC_ARC = YES;
				CLANG_ENABLE_OBJC_WEAK = YES;
				CLANG_WARN_BLOCK_CAPTURE_AUTORELEASING = YES;
				CLANG_WARN_BOOL_CONVERSION = YES;
				CLANG_WARN_COMMA = YES;
				CLANG_WARN_CONSTANT_CONVERSION = YES;
				CLANG_WARN_DEPRECATED_OBJC_IMPLEMENTATIONS = YES;
				CLANG_WARN_DIRECT_OBJC_ISA_USAGE = YES_ERROR;
				CLANG_WARN_DOCUMENTATION_COMMENTS = YES;
				CLANG_WARN_EMPTY_BODY = YES;
				CLANG_WARN_ENUM_CONVERSION = YES;
				CLANG_WARN_INFINITE_RECURSION = YES;
				CLANG_WARN_INT_CONVERSION = YES;
				CLANG_WARN_NON_LITERAL_NULL_CONVERSION = YES;
				CLANG_WARN_OBJC_IMPLICIT_RETAIN_SELF = YES;
				CLANG_WARN_OBJC_LITERAL_CONVERSION = YES;
				CLANG_WARN_OBJC_ROOT_CLASS = YES_ERROR;
				CLANG_WARN_QUOTED_INCLUDE_IN_FRAMEWORK_HEADER = YES;
				CLANG_WARN_RANGE_LOOP_ANALYSIS = YES;
				CLANG_WARN_STRICT_PROTOTYPES = YES;
				CLANG_WARN_SUSPICIOUS_MOVE = YES;
				CLANG_WARN_UNGUARDED_AVAILABILITY = YES_AGGRESSIVE;
				CLANG_WARN_UNREACHABLE_CODE = YES;
				CLANG_WARN__DUPLICATE_METHOD_MATCH = YES;
				COPY_PHASE_STRIP = NO;
				DEBUG_INFORMATION_FORMAT = dwarf;
				ENABLE_STRICT_OBJC_MSGSEND = YES;
				ENABLE_TESTABILITY = YES;
				GCC_C_LANGUAGE_STANDARD = gnu11;
				GCC_DYNAMIC_NO_PIC = NO;
				GCC_NO_COMMON_BLOCKS = YES;
				GCC_OPTIMIZATION_LEVEL = 0;
				GCC_PREPROCESSOR_DEFINITIONS = (
					"DEBUG=1",
					"$(inherited)",
				);
				GCC_WARN_64_TO_32_BIT_CONVERSION = YES;
				GCC_WARN_ABOUT_RETURN_TYPE = YES_ERROR;
				GCC_WARN_UNDECLARED_SELECTOR = YES;
				GCC_WARN_UNINITIALIZED_AUTOS = YES_AGGRESSIVE;
				GCC_WARN_UNUSED_FUNCTION = YES;
				GCC_WARN_UNUSED_VARIABLE = YES;
				IPHONEOS_DEPLOYMENT_TARGET = 16.2;
				MTL_ENABLE_DEBUG_INFO = INCLUDE_SOURCE;
				MTL_FAST_MATH = YES;
				ONLY_ACTIVE_ARCH = YES;
				SDKROOT = iphoneos;
				SWIFT_ACTIVE_COMPILATION_CONDITIONS = DEBUG;
				SWIFT_OPTIMIZATION_LEVEL = "-Onone";
			};
			name = Debug;
		};
		9D17806A2998F9A6004019D3 /* Release */ = {
			isa = XCBuildConfiguration;
			buildSettings = {
				ALWAYS_SEARCH_USER_PATHS = NO;
				CLANG_ANALYZER_NONNULL = YES;
				CLANG_ANALYZER_NUMBER_OBJECT_CONVERSION = YES_AGGRESSIVE;
				CLANG_CXX_LANGUAGE_STANDARD = "gnu++20";
				CLANG_ENABLE_MODULES = YES;
				CLANG_ENABLE_OBJC_ARC = YES;
				CLANG_ENABLE_OBJC_WEAK = YES;
				CLANG_WARN_BLOCK_CAPTURE_AUTORELEASING = YES;
				CLANG_WARN_BOOL_CONVERSION = YES;
				CLANG_WARN_COMMA = YES;
				CLANG_WARN_CONSTANT_CONVERSION = YES;
				CLANG_WARN_DEPRECATED_OBJC_IMPLEMENTATIONS = YES;
				CLANG_WARN_DIRECT_OBJC_ISA_USAGE = YES_ERROR;
				CLANG_WARN_DOCUMENTATION_COMMENTS = YES;
				CLANG_WARN_EMPTY_BODY = YES;
				CLANG_WARN_ENUM_CONVERSION = YES;
				CLANG_WARN_INFINITE_RECURSION = YES;
				CLANG_WARN_INT_CONVERSION = YES;
				CLANG_WARN_NON_LITERAL_NULL_CONVERSION = YES;
				CLANG_WARN_OBJC_IMPLICIT_RETAIN_SELF = YES;
				CLANG_WARN_OBJC_LITERAL_CONVERSION = YES;
				CLANG_WARN_OBJC_ROOT_CLASS = YES_ERROR;
				CLANG_WARN_QUOTED_INCLUDE_IN_FRAMEWORK_HEADER = YES;
				CLANG_WARN_RANGE_LOOP_ANALYSIS = YES;
				CLANG_WARN_STRICT_PROTOTYPES = YES;
				CLANG_WARN_SUSPICIOUS_MOVE = YES;
				CLANG_WARN_UNGUARDED_AVAILABILITY = YES_AGGRESSIVE;
				CLANG_WARN_UNREACHABLE_CODE = YES;
				CLANG_WARN__DUPLICATE_METHOD_MATCH = YES;
				COPY_PHASE_STRIP = NO;
				DEBUG_INFORMATION_FORMAT = "dwarf-with-dsym";
				ENABLE_NS_ASSERTIONS = NO;
				ENABLE_STRICT_OBJC_MSGSEND = YES;
				GCC_C_LANGUAGE_STANDARD = gnu11;
				GCC_NO_COMMON_BLOCKS = YES;
				GCC_WARN_64_TO_32_BIT_CONVERSION = YES;
				GCC_WARN_ABOUT_RETURN_TYPE = YES_ERROR;
				GCC_WARN_UNDECLARED_SELECTOR = YES;
				GCC_WARN_UNINITIALIZED_AUTOS = YES_AGGRESSIVE;
				GCC_WARN_UNUSED_FUNCTION = YES;
				GCC_WARN_UNUSED_VARIABLE = YES;
				IPHONEOS_DEPLOYMENT_TARGET = 16.2;
				MTL_ENABLE_DEBUG_INFO = NO;
				MTL_FAST_MATH = YES;
				SDKROOT = iphoneos;
				SWIFT_COMPILATION_MODE = wholemodule;
				SWIFT_OPTIMIZATION_LEVEL = "-O";
				VALIDATE_PRODUCT = YES;
			};
			name = Release;
		};
		9D17806C2998F9A6004019D3 /* Debug */ = {
			isa = XCBuildConfiguration;
			buildSettings = {
				ASSETCATALOG_COMPILER_APPICON_NAME = AppIcon;
				ASSETCATALOG_COMPILER_GLOBAL_ACCENT_COLOR_NAME = AccentColor;
				CODE_SIGN_ENTITLEMENTS = DogGram2/DogGram2.entitlements;
				CODE_SIGN_STYLE = Automatic;
				CURRENT_PROJECT_VERSION = 1;
				DEVELOPMENT_ASSET_PATHS = "\"DogGram2/Preview Content\"";
				DEVELOPMENT_TEAM = ZDJ95T6M99;
				ENABLE_PREVIEWS = YES;
				GENERATE_INFOPLIST_FILE = YES;
				INFOPLIST_FILE = DogGram2/Info.plist;
				INFOPLIST_KEY_NSCameraUsageDescription = "This app uses the camera at the user's request to take a photo.";
				INFOPLIST_KEY_NSPhotoLibraryUsageDescription = "This allows the app to access the photo library to import or save a photo at the user's request";
				INFOPLIST_KEY_UIApplicationSceneManifest_Generation = YES;
				INFOPLIST_KEY_UIApplicationSupportsIndirectInputEvents = YES;
				INFOPLIST_KEY_UILaunchScreen_Generation = YES;
				INFOPLIST_KEY_UILaunchStoryboardName = LaunchScreen.storyboard;
				INFOPLIST_KEY_UISupportedInterfaceOrientations = UIInterfaceOrientationPortrait;
				IPHONEOS_DEPLOYMENT_TARGET = 15.0;
				LD_RUNPATH_SEARCH_PATHS = (
					"$(inherited)",
					"@executable_path/Frameworks",
				);
				MARKETING_VERSION = 1.0;
				PRODUCT_BUNDLE_IDENTIFIER = io.woozoobro.DogGram2;
				PRODUCT_NAME = "$(TARGET_NAME)";
				SWIFT_EMIT_LOC_STRINGS = YES;
				SWIFT_VERSION = 5.0;
				TARGETED_DEVICE_FAMILY = "1,2";
			};
			name = Debug;
		};
		9D17806D2998F9A6004019D3 /* Release */ = {
			isa = XCBuildConfiguration;
			buildSettings = {
				ASSETCATALOG_COMPILER_APPICON_NAME = AppIcon;
				ASSETCATALOG_COMPILER_GLOBAL_ACCENT_COLOR_NAME = AccentColor;
				CODE_SIGN_ENTITLEMENTS = DogGram2/DogGram2.entitlements;
				CODE_SIGN_STYLE = Automatic;
				CURRENT_PROJECT_VERSION = 1;
				DEVELOPMENT_ASSET_PATHS = "\"DogGram2/Preview Content\"";
				DEVELOPMENT_TEAM = ZDJ95T6M99;
				ENABLE_PREVIEWS = YES;
				GENERATE_INFOPLIST_FILE = YES;
				INFOPLIST_FILE = DogGram2/Info.plist;
				INFOPLIST_KEY_NSCameraUsageDescription = "This app uses the camera at the user's request to take a photo.";
				INFOPLIST_KEY_NSPhotoLibraryUsageDescription = "This allows the app to access the photo library to import or save a photo at the user's request";
				INFOPLIST_KEY_UIApplicationSceneManifest_Generation = YES;
				INFOPLIST_KEY_UIApplicationSupportsIndirectInputEvents = YES;
				INFOPLIST_KEY_UILaunchScreen_Generation = YES;
				INFOPLIST_KEY_UILaunchStoryboardName = LaunchScreen.storyboard;
				INFOPLIST_KEY_UISupportedInterfaceOrientations = UIInterfaceOrientationPortrait;
				IPHONEOS_DEPLOYMENT_TARGET = 15.0;
				LD_RUNPATH_SEARCH_PATHS = (
					"$(inherited)",
					"@executable_path/Frameworks",
				);
				MARKETING_VERSION = 1.0;
				PRODUCT_BUNDLE_IDENTIFIER = io.woozoobro.DogGram2;
				PRODUCT_NAME = "$(TARGET_NAME)";
				SWIFT_EMIT_LOC_STRINGS = YES;
				SWIFT_VERSION = 5.0;
				TARGETED_DEVICE_FAMILY = "1,2";
			};
			name = Release;
		};
/* End XCBuildConfiguration section */

/* Begin XCConfigurationList section */
		9D1780582998F9A4004019D3 /* Build configuration list for PBXProject "DogGram2" */ = {
			isa = XCConfigurationList;
			buildConfigurations = (
				9D1780692998F9A6004019D3 /* Debug */,
				9D17806A2998F9A6004019D3 /* Release */,
			);
			defaultConfigurationIsVisible = 0;
			defaultConfigurationName = Release;
		};
		9D17806B2998F9A6004019D3 /* Build configuration list for PBXNativeTarget "DogGram2" */ = {
			isa = XCConfigurationList;
			buildConfigurations = (
				9D17806C2998F9A6004019D3 /* Debug */,
				9D17806D2998F9A6004019D3 /* Release */,
			);
			defaultConfigurationIsVisible = 0;
			defaultConfigurationName = Release;
		};
/* End XCConfigurationList section */

/* Begin XCRemoteSwiftPackageReference section */
		9DA57F9829D916D80047B5EC /* XCRemoteSwiftPackageReference "firebase-ios-sdk" */ = {
			isa = XCRemoteSwiftPackageReference;
			repositoryURL = "https://github.com/firebase/firebase-ios-sdk";
			requirement = {
				kind = upToNextMajorVersion;
				minimumVersion = 10.0.0;
			};
		};
		9DA57FAD29D942FD0047B5EC /* XCRemoteSwiftPackageReference "GoogleSignIn-iOS" */ = {
			isa = XCRemoteSwiftPackageReference;
			repositoryURL = "https://github.com/google/GoogleSignIn-iOS.git";
			requirement = {
				kind = upToNextMajorVersion;
				minimumVersion = 7.0.0;
			};
		};
/* End XCRemoteSwiftPackageReference section */

/* Begin XCSwiftPackageProductDependency section */
		9DA57F9929D916D80047B5EC /* FirebaseAnalytics */ = {
			isa = XCSwiftPackageProductDependency;
			package = 9DA57F9829D916D80047B5EC /* XCRemoteSwiftPackageReference "firebase-ios-sdk" */;
			productName = FirebaseAnalytics;
		};
		9DA57F9B29D916D80047B5EC /* FirebaseAnalyticsSwift */ = {
			isa = XCSwiftPackageProductDependency;
			package = 9DA57F9829D916D80047B5EC /* XCRemoteSwiftPackageReference "firebase-ios-sdk" */;
			productName = FirebaseAnalyticsSwift;
		};
		9DA57F9D29D916D80047B5EC /* FirebaseAuth */ = {
			isa = XCSwiftPackageProductDependency;
			package = 9DA57F9829D916D80047B5EC /* XCRemoteSwiftPackageReference "firebase-ios-sdk" */;
			productName = FirebaseAuth;
		};
		9DA57F9F29D916D80047B5EC /* FirebaseAuthCombine-Community */ = {
			isa = XCSwiftPackageProductDependency;
			package = 9DA57F9829D916D80047B5EC /* XCRemoteSwiftPackageReference "firebase-ios-sdk" */;
			productName = "FirebaseAuthCombine-Community";
		};
		9DA57FA129D916D80047B5EC /* FirebaseFirestore */ = {
			isa = XCSwiftPackageProductDependency;
			package = 9DA57F9829D916D80047B5EC /* XCRemoteSwiftPackageReference "firebase-ios-sdk" */;
			productName = FirebaseFirestore;
		};
		9DA57FA329D916D80047B5EC /* FirebaseFirestoreSwift */ = {
			isa = XCSwiftPackageProductDependency;
			package = 9DA57F9829D916D80047B5EC /* XCRemoteSwiftPackageReference "firebase-ios-sdk" */;
			productName = FirebaseFirestoreSwift;
		};
		9DA57FA529D916D80047B5EC /* FirebaseStorage */ = {
			isa = XCSwiftPackageProductDependency;
			package = 9DA57F9829D916D80047B5EC /* XCRemoteSwiftPackageReference "firebase-ios-sdk" */;
			productName = FirebaseStorage;
		};
		9DA57FAE29D942FD0047B5EC /* GoogleSignIn */ = {
			isa = XCSwiftPackageProductDependency;
			package = 9DA57FAD29D942FD0047B5EC /* XCRemoteSwiftPackageReference "GoogleSignIn-iOS" */;
			productName = GoogleSignIn;
		};
		9DA57FB029D942FD0047B5EC /* GoogleSignInSwift */ = {
			isa = XCSwiftPackageProductDependency;
			package = 9DA57FAD29D942FD0047B5EC /* XCRemoteSwiftPackageReference "GoogleSignIn-iOS" */;
			productName = GoogleSignInSwift;
		};
/* End XCSwiftPackageProductDependency section */
	};
	rootObject = 9D1780552998F9A4004019D3 /* Project object */;
}
