// !$*UTF8*$!
{
	archiveVersion = 1;
	classes = {
	};
	objectVersion = 56;
	objects = {

/* Begin PBXBuildFile section */
		9D2FB9A3298E384B006F1D23 /* LoginView.swift in Sources */ = {isa = PBXBuildFile; fileRef = 9D2FB9A2298E384B006F1D23 /* LoginView.swift */; };
		9DB0AC99298E02790017AEFB /* YeolPumTimerLoginApp.swift in Sources */ = {isa = PBXBuildFile; fileRef = 9DB0AC98298E02790017AEFB /* YeolPumTimerLoginApp.swift */; };
		9DB0AC9B298E02790017AEFB /* OnboardingView.swift in Sources */ = {isa = PBXBuildFile; fileRef = 9DB0AC9A298E02790017AEFB /* OnboardingView.swift */; };
		9DB0AC9D298E02790017AEFB /* Assets.xcassets in Resources */ = {isa = PBXBuildFile; fileRef = 9DB0AC9C298E02790017AEFB /* Assets.xcassets */; };
		9DB0ACA0298E02790017AEFB /* Preview Assets.xcassets in Resources */ = {isa = PBXBuildFile; fileRef = 9DB0AC9F298E02790017AEFB /* Preview Assets.xcassets */; };
		9DB0ACAA298E159B0017AEFB /* MainView.swift in Sources */ = {isa = PBXBuildFile; fileRef = 9DB0ACA9298E159B0017AEFB /* MainView.swift */; };
		9DB0ACAC298E26170017AEFB /* ToggleAgreeView.swift in Sources */ = {isa = PBXBuildFile; fileRef = 9DB0ACAB298E26170017AEFB /* ToggleAgreeView.swift */; };
/* End PBXBuildFile section */

/* Begin PBXFileReference section */
		9D2FB9A2298E384B006F1D23 /* LoginView.swift */ = {isa = PBXFileReference; lastKnownFileType = sourcecode.swift; path = LoginView.swift; sourceTree = "<group>"; };
		9DB0AC95298E02790017AEFB /* YeolPumTimerLogin.app */ = {isa = PBXFileReference; explicitFileType = wrapper.application; includeInIndex = 0; path = YeolPumTimerLogin.app; sourceTree = BUILT_PRODUCTS_DIR; };
		9DB0AC98298E02790017AEFB /* YeolPumTimerLoginApp.swift */ = {isa = PBXFileReference; lastKnownFileType = sourcecode.swift; path = YeolPumTimerLoginApp.swift; sourceTree = "<group>"; };
		9DB0AC9A298E02790017AEFB /* OnboardingView.swift */ = {isa = PBXFileReference; lastKnownFileType = sourcecode.swift; path = OnboardingView.swift; sourceTree = "<group>"; };
		9DB0AC9C298E02790017AEFB /* Assets.xcassets */ = {isa = PBXFileReference; lastKnownFileType = folder.assetcatalog; path = Assets.xcassets; sourceTree = "<group>"; };
		9DB0AC9F298E02790017AEFB /* Preview Assets.xcassets */ = {isa = PBXFileReference; lastKnownFileType = folder.assetcatalog; path = "Preview Assets.xcassets"; sourceTree = "<group>"; };
		9DB0ACA9298E159B0017AEFB /* MainView.swift */ = {isa = PBXFileReference; lastKnownFileType = sourcecode.swift; path = MainView.swift; sourceTree = "<group>"; };
		9DB0ACAB298E26170017AEFB /* ToggleAgreeView.swift */ = {isa = PBXFileReference; lastKnownFileType = sourcecode.swift; path = ToggleAgreeView.swift; sourceTree = "<group>"; };
/* End PBXFileReference section */

/* Begin PBXFrameworksBuildPhase section */
		9DB0AC92298E02790017AEFB /* Frameworks */ = {
			isa = PBXFrameworksBuildPhase;
			buildActionMask = 2147483647;
			files = (
			);
			runOnlyForDeploymentPostprocessing = 0;
		};
/* End PBXFrameworksBuildPhase section */

/* Begin PBXGroup section */
		9DB0AC8C298E02790017AEFB = {
			isa = PBXGroup;
			children = (
				9DB0AC97298E02790017AEFB /* YeolPumTimerLogin */,
				9DB0AC96298E02790017AEFB /* Products */,
			);
			sourceTree = "<group>";
		};
		9DB0AC96298E02790017AEFB /* Products */ = {
			isa = PBXGroup;
			children = (
				9DB0AC95298E02790017AEFB /* YeolPumTimerLogin.app */,
			);
			name = Products;
			sourceTree = "<group>";
		};
		9DB0AC97298E02790017AEFB /* YeolPumTimerLogin */ = {
			isa = PBXGroup;
			children = (
				9DB0AC98298E02790017AEFB /* YeolPumTimerLoginApp.swift */,
				9DB0ACA8298E0C0F0017AEFB /* Views */,
				9DB0AC9C298E02790017AEFB /* Assets.xcassets */,
				9DB0AC9E298E02790017AEFB /* Preview Content */,
			);
			path = YeolPumTimerLogin;
			sourceTree = "<group>";
		};
		9DB0AC9E298E02790017AEFB /* Preview Content */ = {
			isa = PBXGroup;
			children = (
				9DB0AC9F298E02790017AEFB /* Preview Assets.xcassets */,
			);
			path = "Preview Content";
			sourceTree = "<group>";
		};
		9DB0ACA8298E0C0F0017AEFB /* Views */ = {
			isa = PBXGroup;
			children = (
				9DB0ACA9298E159B0017AEFB /* MainView.swift */,
				9D2FB9A2298E384B006F1D23 /* LoginView.swift */,
				9DB0AC9A298E02790017AEFB /* OnboardingView.swift */,
				9DB0ACAB298E26170017AEFB /* ToggleAgreeView.swift */,
			);
			path = Views;
			sourceTree = "<group>";
		};
/* End PBXGroup section */

/* Begin PBXNativeTarget section */
		9DB0AC94298E02790017AEFB /* YeolPumTimerLogin */ = {
			isa = PBXNativeTarget;
			buildConfigurationList = 9DB0ACA3298E02790017AEFB /* Build configuration list for PBXNativeTarget "YeolPumTimerLogin" */;
			buildPhases = (
				9DB0AC91298E02790017AEFB /* Sources */,
				9DB0AC92298E02790017AEFB /* Frameworks */,
				9DB0AC93298E02790017AEFB /* Resources */,
			);
			buildRules = (
			);
			dependencies = (
			);
			name = YeolPumTimerLogin;
			productName = YeolPumTimerLogin;
			productReference = 9DB0AC95298E02790017AEFB /* YeolPumTimerLogin.app */;
			productType = "com.apple.product-type.application";
		};
/* End PBXNativeTarget section */

/* Begin PBXProject section */
		9DB0AC8D298E02790017AEFB /* Project object */ = {
			isa = PBXProject;
			attributes = {
				BuildIndependentTargetsInParallel = 1;
				LastSwiftUpdateCheck = 1420;
				LastUpgradeCheck = 1420;
				TargetAttributes = {
					9DB0AC94298E02790017AEFB = {
						CreatedOnToolsVersion = 14.2;
					};
				};
			};
			buildConfigurationList = 9DB0AC90298E02790017AEFB /* Build configuration list for PBXProject "YeolPumTimerLogin" */;
			compatibilityVersion = "Xcode 14.0";
			developmentRegion = en;
			hasScannedForEncodings = 0;
			knownRegions = (
				en,
				Base,
			);
			mainGroup = 9DB0AC8C298E02790017AEFB;
			productRefGroup = 9DB0AC96298E02790017AEFB /* Products */;
			projectDirPath = "";
			projectRoot = "";
			targets = (
				9DB0AC94298E02790017AEFB /* YeolPumTimerLogin */,
			);
		};
/* End PBXProject section */

/* Begin PBXResourcesBuildPhase section */
		9DB0AC93298E02790017AEFB /* Resources */ = {
			isa = PBXResourcesBuildPhase;
			buildActionMask = 2147483647;
			files = (
				9DB0ACA0298E02790017AEFB /* Preview Assets.xcassets in Resources */,
				9DB0AC9D298E02790017AEFB /* Assets.xcassets in Resources */,
			);
			runOnlyForDeploymentPostprocessing = 0;
		};
/* End PBXResourcesBuildPhase section */

/* Begin PBXSourcesBuildPhase section */
		9DB0AC91298E02790017AEFB /* Sources */ = {
			isa = PBXSourcesBuildPhase;
			buildActionMask = 2147483647;
			files = (
				9DB0AC9B298E02790017AEFB /* OnboardingView.swift in Sources */,
				9DB0ACAC298E26170017AEFB /* ToggleAgreeView.swift in Sources */,
				9DB0ACAA298E159B0017AEFB /* MainView.swift in Sources */,
				9D2FB9A3298E384B006F1D23 /* LoginView.swift in Sources */,
				9DB0AC99298E02790017AEFB /* YeolPumTimerLoginApp.swift in Sources */,
			);
			runOnlyForDeploymentPostprocessing = 0;
		};
/* End PBXSourcesBuildPhase section */

/* Begin XCBuildConfiguration section */
		9DB0ACA1298E02790017AEFB /* Debug */ = {
			isa = XCBuildConfiguration;
			buildSettings = {
				ALWAYS_SEARCH_USER_PATHS = NO;
				CLANG_ANALYZER_NONNULL = YES;
				CLANG_ANALYZER_NUMBER_OBJECT_CONVERSION = YES_AGGRESSIVE;
				CLANG_CXX_LANGUAGE_STANDARD = "gnu++20";
				CLANG_ENABLE_MODULES = YES;
				CLANG_ENABLE_OBJC_ARC = YES;
				CLANG_ENABLE_OBJC_WEAK = YES;
				CLANG_WARN_BLOCK_CAPTURE_AUTORELEASING = YES;
				CLANG_WARN_BOOL_CONVERSION = YES;
				CLANG_WARN_COMMA = YES;
				CLANG_WARN_CONSTANT_CONVERSION = YES;
				CLANG_WARN_DEPRECATED_OBJC_IMPLEMENTATIONS = YES;
				CLANG_WARN_DIRECT_OBJC_ISA_USAGE = YES_ERROR;
				CLANG_WARN_DOCUMENTATION_COMMENTS = YES;
				CLANG_WARN_EMPTY_BODY = YES;
				CLANG_WARN_ENUM_CONVERSION = YES;
				CLANG_WARN_INFINITE_RECURSION = YES;
				CLANG_WARN_INT_CONVERSION = YES;
				CLANG_WARN_NON_LITERAL_NULL_CONVERSION = YES;
				CLANG_WARN_OBJC_IMPLICIT_RETAIN_SELF = YES;
				CLANG_WARN_OBJC_LITERAL_CONVERSION = YES;
				CLANG_WARN_OBJC_ROOT_CLASS = YES_ERROR;
				CLANG_WARN_QUOTED_INCLUDE_IN_FRAMEWORK_HEADER = YES;
				CLANG_WARN_RANGE_LOOP_ANALYSIS = YES;
				CLANG_WARN_STRICT_PROTOTYPES = YES;
				CLANG_WARN_SUSPICIOUS_MOVE = YES;
				CLANG_WARN_UNGUARDED_AVAILABILITY = YES_AGGRESSIVE;
				CLANG_WARN_UNREACHABLE_CODE = YES;
				CLANG_WARN__DUPLICATE_METHOD_MATCH = YES;
				COPY_PHASE_STRIP = NO;
				DEBUG_INFORMATION_FORMAT = dwarf;
				ENABLE_STRICT_OBJC_MSGSEND = YES;
				ENABLE_TESTABILITY = YES;
				GCC_C_LANGUAGE_STANDARD = gnu11;
				GCC_DYNAMIC_NO_PIC = NO;
				GCC_NO_COMMON_BLOCKS = YES;
				GCC_OPTIMIZATION_LEVEL = 0;
				GCC_PREPROCESSOR_DEFINITIONS = (
					"DEBUG=1",
					"$(inherited)",
				);
				GCC_WARN_64_TO_32_BIT_CONVERSION = YES;
				GCC_WARN_ABOUT_RETURN_TYPE = YES_ERROR;
				GCC_WARN_UNDECLARED_SELECTOR = YES;
				GCC_WARN_UNINITIALIZED_AUTOS = YES_AGGRESSIVE;
				GCC_WARN_UNUSED_FUNCTION = YES;
				GCC_WARN_UNUSED_VARIABLE = YES;
				IPHONEOS_DEPLOYMENT_TARGET = 16.2;
				MTL_ENABLE_DEBUG_INFO = INCLUDE_SOURCE;
				MTL_FAST_MATH = YES;
				ONLY_ACTIVE_ARCH = YES;
				SDKROOT = iphoneos;
				SWIFT_ACTIVE_COMPILATION_CONDITIONS = DEBUG;
				SWIFT_OPTIMIZATION_LEVEL = "-Onone";
			};
			name = Debug;
		};
		9DB0ACA2298E02790017AEFB /* Release */ = {
			isa = XCBuildConfiguration;
			buildSettings = {
				ALWAYS_SEARCH_USER_PATHS = NO;
				CLANG_ANALYZER_NONNULL = YES;
				CLANG_ANALYZER_NUMBER_OBJECT_CONVERSION = YES_AGGRESSIVE;
				CLANG_CXX_LANGUAGE_STANDARD = "gnu++20";
				CLANG_ENABLE_MODULES = YES;
				CLANG_ENABLE_OBJC_ARC = YES;
				CLANG_ENABLE_OBJC_WEAK = YES;
				CLANG_WARN_BLOCK_CAPTURE_AUTORELEASING = YES;
				CLANG_WARN_BOOL_CONVERSION = YES;
				CLANG_WARN_COMMA = YES;
				CLANG_WARN_CONSTANT_CONVERSION = YES;
				CLANG_WARN_DEPRECATED_OBJC_IMPLEMENTATIONS = YES;
				CLANG_WARN_DIRECT_OBJC_ISA_USAGE = YES_ERROR;
				CLANG_WARN_DOCUMENTATION_COMMENTS = YES;
				CLANG_WARN_EMPTY_BODY = YES;
				CLANG_WARN_ENUM_CONVERSION = YES;
				CLANG_WARN_INFINITE_RECURSION = YES;
				CLANG_WARN_INT_CONVERSION = YES;
				CLANG_WARN_NON_LITERAL_NULL_CONVERSION = YES;
				CLANG_WARN_OBJC_IMPLICIT_RETAIN_SELF = YES;
				CLANG_WARN_OBJC_LITERAL_CONVERSION = YES;
				CLANG_WARN_OBJC_ROOT_CLASS = YES_ERROR;
				CLANG_WARN_QUOTED_INCLUDE_IN_FRAMEWORK_HEADER = YES;
				CLANG_WARN_RANGE_LOOP_ANALYSIS = YES;
				CLANG_WARN_STRICT_PROTOTYPES = YES;
				CLANG_WARN_SUSPICIOUS_MOVE = YES;
				CLANG_WARN_UNGUARDED_AVAILABILITY = YES_AGGRESSIVE;
				CLANG_WARN_UNREACHABLE_CODE = YES;
				CLANG_WARN__DUPLICATE_METHOD_MATCH = YES;
				COPY_PHASE_STRIP = NO;
				DEBUG_INFORMATION_FORMAT = "dwarf-with-dsym";
				ENABLE_NS_ASSERTIONS = NO;
				ENABLE_STRICT_OBJC_MSGSEND = YES;
				GCC_C_LANGUAGE_STANDARD = gnu11;
				GCC_NO_COMMON_BLOCKS = YES;
				GCC_WARN_64_TO_32_BIT_CONVERSION = YES;
				GCC_WARN_ABOUT_RETURN_TYPE = YES_ERROR;
				GCC_WARN_UNDECLARED_SELECTOR = YES;
				GCC_WARN_UNINITIALIZED_AUTOS = YES_AGGRESSIVE;
				GCC_WARN_UNUSED_FUNCTION = YES;
				GCC_WARN_UNUSED_VARIABLE = YES;
				IPHONEOS_DEPLOYMENT_TARGET = 16.2;
				MTL_ENABLE_DEBUG_INFO = NO;
				MTL_FAST_MATH = YES;
				SDKROOT = iphoneos;
				SWIFT_COMPILATION_MODE = wholemodule;
				SWIFT_OPTIMIZATION_LEVEL = "-O";
				VALIDATE_PRODUCT = YES;
			};
			name = Release;
		};
		9DB0ACA4298E02790017AEFB /* Debug */ = {
			isa = XCBuildConfiguration;
			buildSettings = {
				ASSETCATALOG_COMPILER_APPICON_NAME = AppIcon;
				ASSETCATALOG_COMPILER_GLOBAL_ACCENT_COLOR_NAME = AccentColor;
				CODE_SIGN_STYLE = Automatic;
				CURRENT_PROJECT_VERSION = 1;
				DEVELOPMENT_ASSET_PATHS = "\"YeolPumTimerLogin/Preview Content\"";
				DEVELOPMENT_TEAM = ZDJ95T6M99;
				ENABLE_PREVIEWS = YES;
				GENERATE_INFOPLIST_FILE = YES;
				INFOPLIST_KEY_UIApplicationSceneManifest_Generation = YES;
				INFOPLIST_KEY_UIApplicationSupportsIndirectInputEvents = YES;
				INFOPLIST_KEY_UILaunchScreen_Generation = YES;
				INFOPLIST_KEY_UISupportedInterfaceOrientations_iPad = "UIInterfaceOrientationPortrait UIInterfaceOrientationPortraitUpsideDown UIInterfaceOrientationLandscapeLeft UIInterfaceOrientationLandscapeRight";
				INFOPLIST_KEY_UISupportedInterfaceOrientations_iPhone = "UIInterfaceOrientationPortrait UIInterfaceOrientationLandscapeLeft UIInterfaceOrientationLandscapeRight";
				LD_RUNPATH_SEARCH_PATHS = (
					"$(inherited)",
					"@executable_path/Frameworks",
				);
				MARKETING_VERSION = 1.0;
				PRODUCT_BUNDLE_IDENTIFIER = io.woozoobro.YeolPumTimerLogin;
				PRODUCT_NAME = "$(TARGET_NAME)";
				SWIFT_EMIT_LOC_STRINGS = YES;
				SWIFT_VERSION = 5.0;
				TARGETED_DEVICE_FAMILY = "1,2";
			};
			name = Debug;
		};
		9DB0ACA5298E02790017AEFB /* Release */ = {
			isa = XCBuildConfiguration;
			buildSettings = {
				ASSETCATALOG_COMPILER_APPICON_NAME = AppIcon;
				ASSETCATALOG_COMPILER_GLOBAL_ACCENT_COLOR_NAME = AccentColor;
				CODE_SIGN_STYLE = Automatic;
				CURRENT_PROJECT_VERSION = 1;
				DEVELOPMENT_ASSET_PATHS = "\"YeolPumTimerLogin/Preview Content\"";
				DEVELOPMENT_TEAM = ZDJ95T6M99;
				ENABLE_PREVIEWS = YES;
				GENERATE_INFOPLIST_FILE = YES;
				INFOPLIST_KEY_UIApplicationSceneManifest_Generation = YES;
				INFOPLIST_KEY_UIApplicationSupportsIndirectInputEvents = YES;
				INFOPLIST_KEY_UILaunchScreen_Generation = YES;
				INFOPLIST_KEY_UISupportedInterfaceOrientations_iPad = "UIInterfaceOrientationPortrait UIInterfaceOrientationPortraitUpsideDown UIInterfaceOrientationLandscapeLeft UIInterfaceOrientationLandscapeRight";
				INFOPLIST_KEY_UISupportedInterfaceOrientations_iPhone = "UIInterfaceOrientationPortrait UIInterfaceOrientationLandscapeLeft UIInterfaceOrientationLandscapeRight";
				LD_RUNPATH_SEARCH_PATHS = (
					"$(inherited)",
					"@executable_path/Frameworks",
				);
				MARKETING_VERSION = 1.0;
				PRODUCT_BUNDLE_IDENTIFIER = io.woozoobro.YeolPumTimerLogin;
				PRODUCT_NAME = "$(TARGET_NAME)";
				SWIFT_EMIT_LOC_STRINGS = YES;
				SWIFT_VERSION = 5.0;
				TARGETED_DEVICE_FAMILY = "1,2";
			};
			name = Release;
		};
/* End XCBuildConfiguration section */

/* Begin XCConfigurationList section */
		9DB0AC90298E02790017AEFB /* Build configuration list for PBXProject "YeolPumTimerLogin" */ = {
			isa = XCConfigurationList;
			buildConfigurations = (
				9DB0ACA1298E02790017AEFB /* Debug */,
				9DB0ACA2298E02790017AEFB /* Release */,
			);
			defaultConfigurationIsVisible = 0;
			defaultConfigurationName = Release;
		};
		9DB0ACA3298E02790017AEFB /* Build configuration list for PBXNativeTarget "YeolPumTimerLogin" */ = {
			isa = XCConfigurationList;
			buildConfigurations = (
				9DB0ACA4298E02790017AEFB /* Debug */,
				9DB0ACA5298E02790017AEFB /* Release */,
			);
			defaultConfigurationIsVisible = 0;
			defaultConfigurationName = Release;
		};
/* End XCConfigurationList section */
	};
	rootObject = 9DB0AC8D298E02790017AEFB /* Project object */;
}
