// !$*UTF8*$!
{
	archiveVersion = 1;
	classes = {
	};
	objectVersion = 56;
	objects = {

/* Begin PBXBuildFile section */
		9D2DF1FB29C9C6FC004B6A77 /* ButtonStyleBootcamp.swift in Sources */ = {isa = PBXBuildFile; fileRef = 9D2DF1FA29C9C6FC004B6A77 /* ButtonStyleBootcamp.swift */; };
		9D3210FD29CB14C300F8489E /* AnyTransitionBootcamp.swift in Sources */ = {isa = PBXBuildFile; fileRef = 9D3210FC29CB14C300F8489E /* AnyTransitionBootcamp.swift */; };
		9D4B830029D5A08B00ED121F /* AppTabBarView.swift in Sources */ = {isa = PBXBuildFile; fileRef = 9D4B82FF29D5A08B00ED121F /* AppTabBarView.swift */; };
		9D4B830229D5A24400ED121F /* CustomTabBarView.swift in Sources */ = {isa = PBXBuildFile; fileRef = 9D4B830129D5A24400ED121F /* CustomTabBarView.swift */; };
		9D4B830429D654D300ED121F /* CustomTabBarContainerView.swift in Sources */ = {isa = PBXBuildFile; fileRef = 9D4B830329D654D300ED121F /* CustomTabBarContainerView.swift */; };
		9D4B830629D65C2300ED121F /* TabBarItemsPreferenceKey.swift in Sources */ = {isa = PBXBuildFile; fileRef = 9D4B830529D65C2300ED121F /* TabBarItemsPreferenceKey.swift */; };
		9D4B830829D65FC900ED121F /* TabBarItem.swift in Sources */ = {isa = PBXBuildFile; fileRef = 9D4B830729D65FC900ED121F /* TabBarItem.swift */; };
		9D4CB2BC29D1AD720045C479 /* AnimateableDataBootcamp.swift in Sources */ = {isa = PBXBuildFile; fileRef = 9D4CB2BB29D1AD720045C479 /* AnimateableDataBootcamp.swift */; };
		9D4CB2BE29D1B4740045C479 /* GenericsBootcamp.swift in Sources */ = {isa = PBXBuildFile; fileRef = 9D4CB2BD29D1B4740045C479 /* GenericsBootcamp.swift */; };
		9D56767629CD99CF0047DBDF /* CustomShapesBootcamp.swift in Sources */ = {isa = PBXBuildFile; fileRef = 9D56767529CD99CF0047DBDF /* CustomShapesBootcamp.swift */; };
		9D830F6E29DAEEAB00833A70 /* UIViewControllerRepresentableBootcamp.swift in Sources */ = {isa = PBXBuildFile; fileRef = 9D830F6D29DAEEAB00833A70 /* UIViewControllerRepresentableBootcamp.swift */; };
		9D90490029E103CE00C39EDF /* NewMockDataService.swift in Sources */ = {isa = PBXBuildFile; fileRef = 9D9048FF29E103CE00C39EDF /* NewMockDataService.swift */; };
		9D90490229E103F100C39EDF /* NewMockDataService_Tests.swift in Sources */ = {isa = PBXBuildFile; fileRef = 9D90490129E103F100C39EDF /* NewMockDataService_Tests.swift */; };
		9D90490429E10A3C00C39EDF /* UITestingBootcampView.swift in Sources */ = {isa = PBXBuildFile; fileRef = 9D90490329E10A3C00C39EDF /* UITestingBootcampView.swift */; };
		9D90490C29E10E8200C39EDF /* SwiftfulThinkingMaster_UITests.swift in Sources */ = {isa = PBXBuildFile; fileRef = 9D90490B29E10E8200C39EDF /* SwiftfulThinkingMaster_UITests.swift */; };
		9D90490E29E10E8200C39EDF /* SwiftfulThinkingMaster_UITestsLaunchTests.swift in Sources */ = {isa = PBXBuildFile; fileRef = 9D90490D29E10E8200C39EDF /* SwiftfulThinkingMaster_UITestsLaunchTests.swift */; };
		9D90491529E10FCF00C39EDF /* UITestingBootcampView_UITests.swift in Sources */ = {isa = PBXBuildFile; fileRef = 9D90491429E10FCF00C39EDF /* UITestingBootcampView_UITests.swift */; };
		9DA84FE329EA404F00CB63B7 /* FuturesBootcamp.swift in Sources */ = {isa = PBXBuildFile; fileRef = 9DA84FE229EA404F00CB63B7 /* FuturesBootcamp.swift */; };
		9DA8503029EB955600CB63B7 /* CloudKitUserBootcamp.swift in Sources */ = {isa = PBXBuildFile; fileRef = 9DA8502F29EB955600CB63B7 /* CloudKitUserBootcamp.swift */; };
		9DB415EC29DEEE6000C82A18 /* UnitTestingBootcampView.swift in Sources */ = {isa = PBXBuildFile; fileRef = 9DB415EB29DEEE6000C82A18 /* UnitTestingBootcampView.swift */; };
		9DB415F029DEF02000C82A18 /* UnitTestingBootcampViewModel.swift in Sources */ = {isa = PBXBuildFile; fileRef = 9DB415EF29DEF02000C82A18 /* UnitTestingBootcampViewModel.swift */; };
		9DB415F829DEF15300C82A18 /* SwiftfulThinkingMaster_Tests.swift in Sources */ = {isa = PBXBuildFile; fileRef = 9DB415F729DEF15300C82A18 /* SwiftfulThinkingMaster_Tests.swift */; };
		9DB415FF29DEF2E500C82A18 /* UnitTestingBootcampViewModel_Tests.swift in Sources */ = {isa = PBXBuildFile; fileRef = 9DB415FE29DEF2E500C82A18 /* UnitTestingBootcampViewModel_Tests.swift */; };
		9DC081D429DC472E0029BCDF /* ProtocolsBootcamp.swift in Sources */ = {isa = PBXBuildFile; fileRef = 9DC081D329DC472E0029BCDF /* ProtocolsBootcamp.swift */; };
		9DC62D3229CC7C3700BAA9CD /* MatchedGeometryEffectBootcamp.swift in Sources */ = {isa = PBXBuildFile; fileRef = 9DC62D3129CC7C3700BAA9CD /* MatchedGeometryEffectBootcamp.swift */; };
		9DCB507C29D6DF2900615796 /* AppNavBarView.swift in Sources */ = {isa = PBXBuildFile; fileRef = 9DCB507B29D6DF2900615796 /* AppNavBarView.swift */; };
		9DCB507E29D6E01C00615796 /* CustomNavBarView.swift in Sources */ = {isa = PBXBuildFile; fileRef = 9DCB507D29D6E01C00615796 /* CustomNavBarView.swift */; };
		9DCB508029D6E1F400615796 /* CustomNavBarContainerView.swift in Sources */ = {isa = PBXBuildFile; fileRef = 9DCB507F29D6E1F400615796 /* CustomNavBarContainerView.swift */; };
		9DCB508229D6E40600615796 /* CustomNavView.swift in Sources */ = {isa = PBXBuildFile; fileRef = 9DCB508129D6E40600615796 /* CustomNavView.swift */; };
		9DCB508429D702DE00615796 /* CustomNavLink.swift in Sources */ = {isa = PBXBuildFile; fileRef = 9DCB508329D702DE00615796 /* CustomNavLink.swift */; };
		9DCB508629D7066900615796 /* CustomNavBarPreferenceKeys.swift in Sources */ = {isa = PBXBuildFile; fileRef = 9DCB508529D7066900615796 /* CustomNavBarPreferenceKeys.swift */; };
		9DCEAFC729C8885100D5EF02 /* SwiftfulThinkingMasterApp.swift in Sources */ = {isa = PBXBuildFile; fileRef = 9DCEAFC629C8885100D5EF02 /* SwiftfulThinkingMasterApp.swift */; };
		9DCEAFCB29C8885200D5EF02 /* Assets.xcassets in Resources */ = {isa = PBXBuildFile; fileRef = 9DCEAFCA29C8885200D5EF02 /* Assets.xcassets */; };
		9DCEAFCE29C8885200D5EF02 /* Preview Assets.xcassets in Resources */ = {isa = PBXBuildFile; fileRef = 9DCEAFCD29C8885200D5EF02 /* Preview Assets.xcassets */; };
		9DCEAFD529C8888700D5EF02 /* ViewModifierBootcamp.swift in Sources */ = {isa = PBXBuildFile; fileRef = 9DCEAFD429C8888700D5EF02 /* ViewModifierBootcamp.swift */; };
		9DCFCA6A29D99ACD0098813A /* UIViewRepresentableBootcamp.swift in Sources */ = {isa = PBXBuildFile; fileRef = 9DCFCA6929D99ACD0098813A /* UIViewRepresentableBootcamp.swift */; };
		9DD3D90D29D2896D0036DF04 /* ViewBuilderBootcamp.swift in Sources */ = {isa = PBXBuildFile; fileRef = 9DD3D90C29D2896D0036DF04 /* ViewBuilderBootcamp.swift */; };
		9DE1407829E312A8003A1C29 /* AdvancedCombineBootcamp.swift in Sources */ = {isa = PBXBuildFile; fileRef = 9DE1407729E312A8003A1C29 /* AdvancedCombineBootcamp.swift */; };
		9DE3918129D459C7003DA6D0 /* PreferenceKeyBootcamp.swift in Sources */ = {isa = PBXBuildFile; fileRef = 9DE3918029D459C7003DA6D0 /* PreferenceKeyBootcamp.swift */; };
		9DE3918429D46A9B003DA6D0 /* GeometryPreferenceKeyBootcamp.swift in Sources */ = {isa = PBXBuildFile; fileRef = 9DE3918329D46A9B003DA6D0 /* GeometryPreferenceKeyBootcamp.swift */; };
		9DE3918629D47399003DA6D0 /* ScrollViewOffsetPreferenceKeyBootcamp.swift in Sources */ = {isa = PBXBuildFile; fileRef = 9DE3918529D47399003DA6D0 /* ScrollViewOffsetPreferenceKeyBootcamp.swift */; };
		9DEDB9D029F1236000AA37F3 /* CloudKitCrudBootcamp.swift in Sources */ = {isa = PBXBuildFile; fileRef = 9DEDB9CF29F1236000AA37F3 /* CloudKitCrudBootcamp.swift */; };
		9DF121D029CFD17300AFB1C8 /* CustomCurvesBootcamp.swift in Sources */ = {isa = PBXBuildFile; fileRef = 9DF121CF29CFD17300AFB1C8 /* CustomCurvesBootcamp.swift */; };
		9DFE384D29DD96C80072A247 /* DependencyInjectionBootcamp.swift in Sources */ = {isa = PBXBuildFile; fileRef = 9DFE384C29DD96C80072A247 /* DependencyInjectionBootcamp.swift */; };
/* End PBXBuildFile section */

/* Begin PBXContainerItemProxy section */
		9D90490F29E10E8200C39EDF /* PBXContainerItemProxy */ = {
			isa = PBXContainerItemProxy;
			containerPortal = 9DCEAFBB29C8885100D5EF02 /* Project object */;
			proxyType = 1;
			remoteGlobalIDString = 9DCEAFC229C8885100D5EF02;
			remoteInfo = SwiftfulThinkingMaster;
		};
		9DB415F929DEF15300C82A18 /* PBXContainerItemProxy */ = {
			isa = PBXContainerItemProxy;
			containerPortal = 9DCEAFBB29C8885100D5EF02 /* Project object */;
			proxyType = 1;
			remoteGlobalIDString = 9DCEAFC229C8885100D5EF02;
			remoteInfo = SwiftfulThinkingMaster;
		};
/* End PBXContainerItemProxy section */

/* Begin PBXFileReference section */
		9D2DF1FA29C9C6FC004B6A77 /* ButtonStyleBootcamp.swift */ = {isa = PBXFileReference; lastKnownFileType = sourcecode.swift; path = ButtonStyleBootcamp.swift; sourceTree = "<group>"; };
		9D3210FC29CB14C300F8489E /* AnyTransitionBootcamp.swift */ = {isa = PBXFileReference; lastKnownFileType = sourcecode.swift; path = AnyTransitionBootcamp.swift; sourceTree = "<group>"; };
		9D4B82FF29D5A08B00ED121F /* AppTabBarView.swift */ = {isa = PBXFileReference; lastKnownFileType = sourcecode.swift; path = AppTabBarView.swift; sourceTree = "<group>"; };
		9D4B830129D5A24400ED121F /* CustomTabBarView.swift */ = {isa = PBXFileReference; lastKnownFileType = sourcecode.swift; path = CustomTabBarView.swift; sourceTree = "<group>"; };
		9D4B830329D654D300ED121F /* CustomTabBarContainerView.swift */ = {isa = PBXFileReference; lastKnownFileType = sourcecode.swift; path = CustomTabBarContainerView.swift; sourceTree = "<group>"; };
		9D4B830529D65C2300ED121F /* TabBarItemsPreferenceKey.swift */ = {isa = PBXFileReference; lastKnownFileType = sourcecode.swift; path = TabBarItemsPreferenceKey.swift; sourceTree = "<group>"; };
		9D4B830729D65FC900ED121F /* TabBarItem.swift */ = {isa = PBXFileReference; lastKnownFileType = sourcecode.swift; path = TabBarItem.swift; sourceTree = "<group>"; };
		9D4CB2BB29D1AD720045C479 /* AnimateableDataBootcamp.swift */ = {isa = PBXFileReference; lastKnownFileType = sourcecode.swift; path = AnimateableDataBootcamp.swift; sourceTree = "<group>"; };
		9D4CB2BD29D1B4740045C479 /* GenericsBootcamp.swift */ = {isa = PBXFileReference; lastKnownFileType = sourcecode.swift; path = GenericsBootcamp.swift; sourceTree = "<group>"; };
		9D56767529CD99CF0047DBDF /* CustomShapesBootcamp.swift */ = {isa = PBXFileReference; lastKnownFileType = sourcecode.swift; path = CustomShapesBootcamp.swift; sourceTree = "<group>"; };
		9D830F6D29DAEEAB00833A70 /* UIViewControllerRepresentableBootcamp.swift */ = {isa = PBXFileReference; lastKnownFileType = sourcecode.swift; path = UIViewControllerRepresentableBootcamp.swift; sourceTree = "<group>"; };
		9D9048FF29E103CE00C39EDF /* NewMockDataService.swift */ = {isa = PBXFileReference; lastKnownFileType = sourcecode.swift; path = NewMockDataService.swift; sourceTree = "<group>"; };
		9D90490129E103F100C39EDF /* NewMockDataService_Tests.swift */ = {isa = PBXFileReference; lastKnownFileType = sourcecode.swift; path = NewMockDataService_Tests.swift; sourceTree = "<group>"; };
		9D90490329E10A3C00C39EDF /* UITestingBootcampView.swift */ = {isa = PBXFileReference; lastKnownFileType = sourcecode.swift; path = UITestingBootcampView.swift; sourceTree = "<group>"; };
		9D90490929E10E8200C39EDF /* SwiftfulThinkingMaster_UITests.xctest */ = {isa = PBXFileReference; explicitFileType = wrapper.cfbundle; includeInIndex = 0; path = SwiftfulThinkingMaster_UITests.xctest; sourceTree = BUILT_PRODUCTS_DIR; };
		9D90490B29E10E8200C39EDF /* SwiftfulThinkingMaster_UITests.swift */ = {isa = PBXFileReference; lastKnownFileType = sourcecode.swift; path = SwiftfulThinkingMaster_UITests.swift; sourceTree = "<group>"; };
		9D90490D29E10E8200C39EDF /* SwiftfulThinkingMaster_UITestsLaunchTests.swift */ = {isa = PBXFileReference; lastKnownFileType = sourcecode.swift; path = SwiftfulThinkingMaster_UITestsLaunchTests.swift; sourceTree = "<group>"; };
		9D90491429E10FCF00C39EDF /* UITestingBootcampView_UITests.swift */ = {isa = PBXFileReference; lastKnownFileType = sourcecode.swift; path = UITestingBootcampView_UITests.swift; sourceTree = "<group>"; };
		9DA84FE229EA404F00CB63B7 /* FuturesBootcamp.swift */ = {isa = PBXFileReference; lastKnownFileType = sourcecode.swift; path = FuturesBootcamp.swift; sourceTree = "<group>"; };
		9DA8502F29EB955600CB63B7 /* CloudKitUserBootcamp.swift */ = {isa = PBXFileReference; lastKnownFileType = sourcecode.swift; path = CloudKitUserBootcamp.swift; sourceTree = "<group>"; };
		9DA8503129EB95A900CB63B7 /* SwiftfulThinkingMaster.entitlements */ = {isa = PBXFileReference; lastKnownFileType = text.plist.entitlements; path = SwiftfulThinkingMaster.entitlements; sourceTree = "<group>"; };
		9DB415EB29DEEE6000C82A18 /* UnitTestingBootcampView.swift */ = {isa = PBXFileReference; lastKnownFileType = sourcecode.swift; path = UnitTestingBootcampView.swift; sourceTree = "<group>"; };
		9DB415EF29DEF02000C82A18 /* UnitTestingBootcampViewModel.swift */ = {isa = PBXFileReference; lastKnownFileType = sourcecode.swift; path = UnitTestingBootcampViewModel.swift; sourceTree = "<group>"; };
		9DB415F529DEF15300C82A18 /* SwiftfulThinkingMaster_Tests.xctest */ = {isa = PBXFileReference; explicitFileType = wrapper.cfbundle; includeInIndex = 0; path = SwiftfulThinkingMaster_Tests.xctest; sourceTree = BUILT_PRODUCTS_DIR; };
		9DB415F729DEF15300C82A18 /* SwiftfulThinkingMaster_Tests.swift */ = {isa = PBXFileReference; lastKnownFileType = sourcecode.swift; path = SwiftfulThinkingMaster_Tests.swift; sourceTree = "<group>"; };
		9DB415FE29DEF2E500C82A18 /* UnitTestingBootcampViewModel_Tests.swift */ = {isa = PBXFileReference; lastKnownFileType = sourcecode.swift; path = UnitTestingBootcampViewModel_Tests.swift; sourceTree = "<group>"; };
		9DC081D329DC472E0029BCDF /* ProtocolsBootcamp.swift */ = {isa = PBXFileReference; lastKnownFileType = sourcecode.swift; path = ProtocolsBootcamp.swift; sourceTree = "<group>"; };
		9DC62D3129CC7C3700BAA9CD /* MatchedGeometryEffectBootcamp.swift */ = {isa = PBXFileReference; lastKnownFileType = sourcecode.swift; path = MatchedGeometryEffectBootcamp.swift; sourceTree = "<group>"; };
		9DCB507B29D6DF2900615796 /* AppNavBarView.swift */ = {isa = PBXFileReference; lastKnownFileType = sourcecode.swift; path = AppNavBarView.swift; sourceTree = "<group>"; };
		9DCB507D29D6E01C00615796 /* CustomNavBarView.swift */ = {isa = PBXFileReference; lastKnownFileType = sourcecode.swift; path = CustomNavBarView.swift; sourceTree = "<group>"; };
		9DCB507F29D6E1F400615796 /* CustomNavBarContainerView.swift */ = {isa = PBXFileReference; lastKnownFileType = sourcecode.swift; path = CustomNavBarContainerView.swift; sourceTree = "<group>"; };
		9DCB508129D6E40600615796 /* CustomNavView.swift */ = {isa = PBXFileReference; lastKnownFileType = sourcecode.swift; path = CustomNavView.swift; sourceTree = "<group>"; };
		9DCB508329D702DE00615796 /* CustomNavLink.swift */ = {isa = PBXFileReference; lastKnownFileType = sourcecode.swift; path = CustomNavLink.swift; sourceTree = "<group>"; };
		9DCB508529D7066900615796 /* CustomNavBarPreferenceKeys.swift */ = {isa = PBXFileReference; lastKnownFileType = sourcecode.swift; path = CustomNavBarPreferenceKeys.swift; sourceTree = "<group>"; };
		9DCEAFC329C8885100D5EF02 /* SwiftfulThinkingMaster.app */ = {isa = PBXFileReference; explicitFileType = wrapper.application; includeInIndex = 0; path = SwiftfulThinkingMaster.app; sourceTree = BUILT_PRODUCTS_DIR; };
		9DCEAFC629C8885100D5EF02 /* SwiftfulThinkingMasterApp.swift */ = {isa = PBXFileReference; lastKnownFileType = sourcecode.swift; path = SwiftfulThinkingMasterApp.swift; sourceTree = "<group>"; };
		9DCEAFCA29C8885200D5EF02 /* Assets.xcassets */ = {isa = PBXFileReference; lastKnownFileType = folder.assetcatalog; path = Assets.xcassets; sourceTree = "<group>"; };
		9DCEAFCD29C8885200D5EF02 /* Preview Assets.xcassets */ = {isa = PBXFileReference; lastKnownFileType = folder.assetcatalog; path = "Preview Assets.xcassets"; sourceTree = "<group>"; };
		9DCEAFD429C8888700D5EF02 /* ViewModifierBootcamp.swift */ = {isa = PBXFileReference; lastKnownFileType = sourcecode.swift; path = ViewModifierBootcamp.swift; sourceTree = "<group>"; };
		9DCFCA6929D99ACD0098813A /* UIViewRepresentableBootcamp.swift */ = {isa = PBXFileReference; lastKnownFileType = sourcecode.swift; path = UIViewRepresentableBootcamp.swift; sourceTree = "<group>"; };
		9DD3D90C29D2896D0036DF04 /* ViewBuilderBootcamp.swift */ = {isa = PBXFileReference; lastKnownFileType = sourcecode.swift; path = ViewBuilderBootcamp.swift; sourceTree = "<group>"; };
		9DE1407729E312A8003A1C29 /* AdvancedCombineBootcamp.swift */ = {isa = PBXFileReference; lastKnownFileType = sourcecode.swift; path = AdvancedCombineBootcamp.swift; sourceTree = "<group>"; };
		9DE3918029D459C7003DA6D0 /* PreferenceKeyBootcamp.swift */ = {isa = PBXFileReference; lastKnownFileType = sourcecode.swift; path = PreferenceKeyBootcamp.swift; sourceTree = "<group>"; };
		9DE3918329D46A9B003DA6D0 /* GeometryPreferenceKeyBootcamp.swift */ = {isa = PBXFileReference; lastKnownFileType = sourcecode.swift; path = GeometryPreferenceKeyBootcamp.swift; sourceTree = "<group>"; };
		9DE3918529D47399003DA6D0 /* ScrollViewOffsetPreferenceKeyBootcamp.swift */ = {isa = PBXFileReference; lastKnownFileType = sourcecode.swift; path = ScrollViewOffsetPreferenceKeyBootcamp.swift; sourceTree = "<group>"; };
		9DEDB9CF29F1236000AA37F3 /* CloudKitCrudBootcamp.swift */ = {isa = PBXFileReference; lastKnownFileType = sourcecode.swift; path = CloudKitCrudBootcamp.swift; sourceTree = "<group>"; };
		9DF121CF29CFD17300AFB1C8 /* CustomCurvesBootcamp.swift */ = {isa = PBXFileReference; lastKnownFileType = sourcecode.swift; path = CustomCurvesBootcamp.swift; sourceTree = "<group>"; };
		9DFE384C29DD96C80072A247 /* DependencyInjectionBootcamp.swift */ = {isa = PBXFileReference; lastKnownFileType = sourcecode.swift; path = DependencyInjectionBootcamp.swift; sourceTree = "<group>"; };
/* End PBXFileReference section */

/* Begin PBXFrameworksBuildPhase section */
		9D90490629E10E8200C39EDF /* Frameworks */ = {
			isa = PBXFrameworksBuildPhase;
			buildActionMask = 2147483647;
			files = (
			);
			runOnlyForDeploymentPostprocessing = 0;
		};
		9DB415F229DEF15300C82A18 /* Frameworks */ = {
			isa = PBXFrameworksBuildPhase;
			buildActionMask = 2147483647;
			files = (
			);
			runOnlyForDeploymentPostprocessing = 0;
		};
		9DCEAFC029C8885100D5EF02 /* Frameworks */ = {
			isa = PBXFrameworksBuildPhase;
			buildActionMask = 2147483647;
			files = (
			);
			runOnlyForDeploymentPostprocessing = 0;
		};
/* End PBXFrameworksBuildPhase section */

/* Begin PBXGroup section */
		9D90490A29E10E8200C39EDF /* SwiftfulThinkingMaster_UITests */ = {
			isa = PBXGroup;
			children = (
				9D90490B29E10E8200C39EDF /* SwiftfulThinkingMaster_UITests.swift */,
				9D90491429E10FCF00C39EDF /* UITestingBootcampView_UITests.swift */,
				9D90490D29E10E8200C39EDF /* SwiftfulThinkingMaster_UITestsLaunchTests.swift */,
			);
			path = SwiftfulThinkingMaster_UITests;
			sourceTree = "<group>";
		};
		9DA8502E29EB954800CB63B7 /* CloudKitBootcamps */ = {
			isa = PBXGroup;
			children = (
				9DA8502F29EB955600CB63B7 /* CloudKitUserBootcamp.swift */,
				9DEDB9CF29F1236000AA37F3 /* CloudKitCrudBootcamp.swift */,
			);
			path = CloudKitBootcamps;
			sourceTree = "<group>";
		};
		9DB415EA29DEEE4700C82A18 /* UnitTestingBootcamp */ = {
			isa = PBXGroup;
			children = (
				9DB415EB29DEEE6000C82A18 /* UnitTestingBootcampView.swift */,
				9DB415EF29DEF02000C82A18 /* UnitTestingBootcampViewModel.swift */,
				9D9048FF29E103CE00C39EDF /* NewMockDataService.swift */,
			);
			path = UnitTestingBootcamp;
			sourceTree = "<group>";
		};
		9DB415F629DEF15300C82A18 /* SwiftfulThinkingMaster_Tests */ = {
			isa = PBXGroup;
			children = (
				9DB415F729DEF15300C82A18 /* SwiftfulThinkingMaster_Tests.swift */,
				9DB415FE29DEF2E500C82A18 /* UnitTestingBootcampViewModel_Tests.swift */,
				9D90490129E103F100C39EDF /* NewMockDataService_Tests.swift */,
			);
			path = SwiftfulThinkingMaster_Tests;
			sourceTree = "<group>";
		};
		9DCB507A29D6DF1600615796 /* CustomNavBar */ = {
			isa = PBXGroup;
			children = (
				9DCB507B29D6DF2900615796 /* AppNavBarView.swift */,
				9DCB508129D6E40600615796 /* CustomNavView.swift */,
				9DCB507D29D6E01C00615796 /* CustomNavBarView.swift */,
				9DCB507F29D6E1F400615796 /* CustomNavBarContainerView.swift */,
				9DCB508329D702DE00615796 /* CustomNavLink.swift */,
				9DCB508529D7066900615796 /* CustomNavBarPreferenceKeys.swift */,
			);
			path = CustomNavBar;
			sourceTree = "<group>";
		};
		9DCEAFBA29C8885100D5EF02 = {
			isa = PBXGroup;
			children = (
				9DCEAFC529C8885100D5EF02 /* SwiftfulThinkingMaster */,
				9DB415F629DEF15300C82A18 /* SwiftfulThinkingMaster_Tests */,
				9D90490A29E10E8200C39EDF /* SwiftfulThinkingMaster_UITests */,
				9DCEAFC429C8885100D5EF02 /* Products */,
			);
			sourceTree = "<group>";
		};
		9DCEAFC429C8885100D5EF02 /* Products */ = {
			isa = PBXGroup;
			children = (
				9DCEAFC329C8885100D5EF02 /* SwiftfulThinkingMaster.app */,
				9DB415F529DEF15300C82A18 /* SwiftfulThinkingMaster_Tests.xctest */,
				9D90490929E10E8200C39EDF /* SwiftfulThinkingMaster_UITests.xctest */,
			);
			name = Products;
			sourceTree = "<group>";
		};
		9DCEAFC529C8885100D5EF02 /* SwiftfulThinkingMaster */ = {
			isa = PBXGroup;
			children = (
				9DA8503129EB95A900CB63B7 /* SwiftfulThinkingMaster.entitlements */,
				9DCEAFC629C8885100D5EF02 /* SwiftfulThinkingMasterApp.swift */,
				9DCEAFD429C8888700D5EF02 /* ViewModifierBootcamp.swift */,
				9D2DF1FA29C9C6FC004B6A77 /* ButtonStyleBootcamp.swift */,
				9D3210FC29CB14C300F8489E /* AnyTransitionBootcamp.swift */,
				9DC62D3129CC7C3700BAA9CD /* MatchedGeometryEffectBootcamp.swift */,
				9D56767529CD99CF0047DBDF /* CustomShapesBootcamp.swift */,
				9DF121CF29CFD17300AFB1C8 /* CustomCurvesBootcamp.swift */,
				9D4CB2BB29D1AD720045C479 /* AnimateableDataBootcamp.swift */,
				9D4CB2BD29D1B4740045C479 /* GenericsBootcamp.swift */,
				9DD3D90C29D2896D0036DF04 /* ViewBuilderBootcamp.swift */,
				9DE3918229D46A7E003DA6D0 /* PreferenceKeyBootcamp */,
				9DFA6A1729D598B500D5A505 /* CustomTabBar */,
				9DCB507A29D6DF1600615796 /* CustomNavBar */,
				9DCFCA6929D99ACD0098813A /* UIViewRepresentableBootcamp.swift */,
				9D830F6D29DAEEAB00833A70 /* UIViewControllerRepresentableBootcamp.swift */,
				9DC081D329DC472E0029BCDF /* ProtocolsBootcamp.swift */,
				9DFE384C29DD96C80072A247 /* DependencyInjectionBootcamp.swift */,
				9DB415EA29DEEE4700C82A18 /* UnitTestingBootcamp */,
				9D90490329E10A3C00C39EDF /* UITestingBootcampView.swift */,
				9DE1407729E312A8003A1C29 /* AdvancedCombineBootcamp.swift */,
				9DA84FE229EA404F00CB63B7 /* FuturesBootcamp.swift */,
				9DA8502E29EB954800CB63B7 /* CloudKitBootcamps */,
				9DCEAFCA29C8885200D5EF02 /* Assets.xcassets */,
				9DCEAFCC29C8885200D5EF02 /* Preview Content */,
			);
			path = SwiftfulThinkingMaster;
			sourceTree = "<group>";
		};
		9DCEAFCC29C8885200D5EF02 /* Preview Content */ = {
			isa = PBXGroup;
			children = (
				9DCEAFCD29C8885200D5EF02 /* Preview Assets.xcassets */,
			);
			path = "Preview Content";
			sourceTree = "<group>";
		};
		9DE3918229D46A7E003DA6D0 /* PreferenceKeyBootcamp */ = {
			isa = PBXGroup;
			children = (
				9DE3918029D459C7003DA6D0 /* PreferenceKeyBootcamp.swift */,
				9DE3918329D46A9B003DA6D0 /* GeometryPreferenceKeyBootcamp.swift */,
				9DE3918529D47399003DA6D0 /* ScrollViewOffsetPreferenceKeyBootcamp.swift */,
			);
			path = PreferenceKeyBootcamp;
			sourceTree = "<group>";
		};
		9DFA6A1729D598B500D5A505 /* CustomTabBar */ = {
			isa = PBXGroup;
			children = (
				9D4B82FF29D5A08B00ED121F /* AppTabBarView.swift */,
				9D4B830129D5A24400ED121F /* CustomTabBarView.swift */,
				9D4B830329D654D300ED121F /* CustomTabBarContainerView.swift */,
				9D4B830529D65C2300ED121F /* TabBarItemsPreferenceKey.swift */,
				9D4B830729D65FC900ED121F /* TabBarItem.swift */,
			);
			path = CustomTabBar;
			sourceTree = "<group>";
		};
/* End PBXGroup section */

/* Begin PBXNativeTarget section */
		9D90490829E10E8200C39EDF /* SwiftfulThinkingMaster_UITests */ = {
			isa = PBXNativeTarget;
			buildConfigurationList = 9D90491129E10E8200C39EDF /* Build configuration list for PBXNativeTarget "SwiftfulThinkingMaster_UITests" */;
			buildPhases = (
				9D90490529E10E8200C39EDF /* Sources */,
				9D90490629E10E8200C39EDF /* Frameworks */,
				9D90490729E10E8200C39EDF /* Resources */,
			);
			buildRules = (
			);
			dependencies = (
				9D90491029E10E8200C39EDF /* PBXTargetDependency */,
			);
			name = SwiftfulThinkingMaster_UITests;
			productName = SwiftfulThinkingMaster_UITests;
			productReference = 9D90490929E10E8200C39EDF /* SwiftfulThinkingMaster_UITests.xctest */;
			productType = "com.apple.product-type.bundle.ui-testing";
		};
		9DB415F429DEF15300C82A18 /* SwiftfulThinkingMaster_Tests */ = {
			isa = PBXNativeTarget;
			buildConfigurationList = 9DB415FB29DEF15300C82A18 /* Build configuration list for PBXNativeTarget "SwiftfulThinkingMaster_Tests" */;
			buildPhases = (
				9DB415F129DEF15300C82A18 /* Sources */,
				9DB415F229DEF15300C82A18 /* Frameworks */,
				9DB415F329DEF15300C82A18 /* Resources */,
			);
			buildRules = (
			);
			dependencies = (
				9DB415FA29DEF15300C82A18 /* PBXTargetDependency */,
			);
			name = SwiftfulThinkingMaster_Tests;
			productName = SwiftfulThinkingMaster_Tests;
			productReference = 9DB415F529DEF15300C82A18 /* SwiftfulThinkingMaster_Tests.xctest */;
			productType = "com.apple.product-type.bundle.unit-test";
		};
		9DCEAFC229C8885100D5EF02 /* SwiftfulThinkingMaster */ = {
			isa = PBXNativeTarget;
			buildConfigurationList = 9DCEAFD129C8885200D5EF02 /* Build configuration list for PBXNativeTarget "SwiftfulThinkingMaster" */;
			buildPhases = (
				9DCEAFBF29C8885100D5EF02 /* Sources */,
				9DCEAFC029C8885100D5EF02 /* Frameworks */,
				9DCEAFC129C8885100D5EF02 /* Resources */,
			);
			buildRules = (
			);
			dependencies = (
			);
			name = SwiftfulThinkingMaster;
			productName = SwiftfulThinkingMaster;
			productReference = 9DCEAFC329C8885100D5EF02 /* SwiftfulThinkingMaster.app */;
			productType = "com.apple.product-type.application";
		};
/* End PBXNativeTarget section */

/* Begin PBXProject section */
		9DCEAFBB29C8885100D5EF02 /* Project object */ = {
			isa = PBXProject;
			attributes = {
				BuildIndependentTargetsInParallel = 1;
				LastSwiftUpdateCheck = 1430;
				LastUpgradeCheck = 1420;
				TargetAttributes = {
					9D90490829E10E8200C39EDF = {
						CreatedOnToolsVersion = 14.3;
						TestTargetID = 9DCEAFC229C8885100D5EF02;
					};
					9DB415F429DEF15300C82A18 = {
						CreatedOnToolsVersion = 14.3;
						TestTargetID = 9DCEAFC229C8885100D5EF02;
					};
					9DCEAFC229C8885100D5EF02 = {
						CreatedOnToolsVersion = 14.2;
					};
				};
			};
			buildConfigurationList = 9DCEAFBE29C8885100D5EF02 /* Build configuration list for PBXProject "SwiftfulThinkingMaster" */;
			compatibilityVersion = "Xcode 14.0";
			developmentRegion = en;
			hasScannedForEncodings = 0;
			knownRegions = (
				en,
				Base,
			);
			mainGroup = 9DCEAFBA29C8885100D5EF02;
			productRefGroup = 9DCEAFC429C8885100D5EF02 /* Products */;
			projectDirPath = "";
			projectRoot = "";
			targets = (
				9DCEAFC229C8885100D5EF02 /* SwiftfulThinkingMaster */,
				9DB415F429DEF15300C82A18 /* SwiftfulThinkingMaster_Tests */,
				9D90490829E10E8200C39EDF /* SwiftfulThinkingMaster_UITests */,
			);
		};
/* End PBXProject section */

/* Begin PBXResourcesBuildPhase section */
		9D90490729E10E8200C39EDF /* Resources */ = {
			isa = PBXResourcesBuildPhase;
			buildActionMask = 2147483647;
			files = (
			);
			runOnlyForDeploymentPostprocessing = 0;
		};
		9DB415F329DEF15300C82A18 /* Resources */ = {
			isa = PBXResourcesBuildPhase;
			buildActionMask = 2147483647;
			files = (
			);
			runOnlyForDeploymentPostprocessing = 0;
		};
		9DCEAFC129C8885100D5EF02 /* Resources */ = {
			isa = PBXResourcesBuildPhase;
			buildActionMask = 2147483647;
			files = (
				9DCEAFCE29C8885200D5EF02 /* Preview Assets.xcassets in Resources */,
				9DCEAFCB29C8885200D5EF02 /* Assets.xcassets in Resources */,
			);
			runOnlyForDeploymentPostprocessing = 0;
		};
/* End PBXResourcesBuildPhase section */

/* Begin PBXSourcesBuildPhase section */
		9D90490529E10E8200C39EDF /* Sources */ = {
			isa = PBXSourcesBuildPhase;
			buildActionMask = 2147483647;
			files = (
				9D90490E29E10E8200C39EDF /* SwiftfulThinkingMaster_UITestsLaunchTests.swift in Sources */,
				9D90491529E10FCF00C39EDF /* UITestingBootcampView_UITests.swift in Sources */,
				9D90490C29E10E8200C39EDF /* SwiftfulThinkingMaster_UITests.swift in Sources */,
			);
			runOnlyForDeploymentPostprocessing = 0;
		};
		9DB415F129DEF15300C82A18 /* Sources */ = {
			isa = PBXSourcesBuildPhase;
			buildActionMask = 2147483647;
			files = (
				9DB415FF29DEF2E500C82A18 /* UnitTestingBootcampViewModel_Tests.swift in Sources */,
				9DB415F829DEF15300C82A18 /* SwiftfulThinkingMaster_Tests.swift in Sources */,
				9D90490229E103F100C39EDF /* NewMockDataService_Tests.swift in Sources */,
			);
			runOnlyForDeploymentPostprocessing = 0;
		};
		9DCEAFBF29C8885100D5EF02 /* Sources */ = {
			isa = PBXSourcesBuildPhase;
			buildActionMask = 2147483647;
			files = (
				9DB415F029DEF02000C82A18 /* UnitTestingBootcampViewModel.swift in Sources */,
				9D90490029E103CE00C39EDF /* NewMockDataService.swift in Sources */,
				9D90490429E10A3C00C39EDF /* UITestingBootcampView.swift in Sources */,
				9DCB507C29D6DF2900615796 /* AppNavBarView.swift in Sources */,
				9D4B830629D65C2300ED121F /* TabBarItemsPreferenceKey.swift in Sources */,
				9DB415EC29DEEE6000C82A18 /* UnitTestingBootcampView.swift in Sources */,
				9D4B830029D5A08B00ED121F /* AppTabBarView.swift in Sources */,
				9DEDB9D029F1236000AA37F3 /* CloudKitCrudBootcamp.swift in Sources */,
				9DCFCA6A29D99ACD0098813A /* UIViewRepresentableBootcamp.swift in Sources */,
				9D2DF1FB29C9C6FC004B6A77 /* ButtonStyleBootcamp.swift in Sources */,
				9DCEAFD529C8888700D5EF02 /* ViewModifierBootcamp.swift in Sources */,
				9D4CB2BC29D1AD720045C479 /* AnimateableDataBootcamp.swift in Sources */,
				9D3210FD29CB14C300F8489E /* AnyTransitionBootcamp.swift in Sources */,
				9DCEAFC729C8885100D5EF02 /* SwiftfulThinkingMasterApp.swift in Sources */,
				9D4B830229D5A24400ED121F /* CustomTabBarView.swift in Sources */,
				9DE1407829E312A8003A1C29 /* AdvancedCombineBootcamp.swift in Sources */,
				9DCB508229D6E40600615796 /* CustomNavView.swift in Sources */,
				9DCB507E29D6E01C00615796 /* CustomNavBarView.swift in Sources */,
				9DD3D90D29D2896D0036DF04 /* ViewBuilderBootcamp.swift in Sources */,
				9D4CB2BE29D1B4740045C479 /* GenericsBootcamp.swift in Sources */,
				9DA84FE329EA404F00CB63B7 /* FuturesBootcamp.swift in Sources */,
				9D830F6E29DAEEAB00833A70 /* UIViewControllerRepresentableBootcamp.swift in Sources */,
				9DCB508429D702DE00615796 /* CustomNavLink.swift in Sources */,
				9DCB508629D7066900615796 /* CustomNavBarPreferenceKeys.swift in Sources */,
				9DE3918429D46A9B003DA6D0 /* GeometryPreferenceKeyBootcamp.swift in Sources */,
				9DC62D3229CC7C3700BAA9CD /* MatchedGeometryEffectBootcamp.swift in Sources */,
				9D4B830829D65FC900ED121F /* TabBarItem.swift in Sources */,
				9D56767629CD99CF0047DBDF /* CustomShapesBootcamp.swift in Sources */,
				9DFE384D29DD96C80072A247 /* DependencyInjectionBootcamp.swift in Sources */,
				9DE3918129D459C7003DA6D0 /* PreferenceKeyBootcamp.swift in Sources */,
				9DA8503029EB955600CB63B7 /* CloudKitUserBootcamp.swift in Sources */,
				9DCB508029D6E1F400615796 /* CustomNavBarContainerView.swift in Sources */,
				9DC081D429DC472E0029BCDF /* ProtocolsBootcamp.swift in Sources */,
				9DE3918629D47399003DA6D0 /* ScrollViewOffsetPreferenceKeyBootcamp.swift in Sources */,
				9DF121D029CFD17300AFB1C8 /* CustomCurvesBootcamp.swift in Sources */,
				9D4B830429D654D300ED121F /* CustomTabBarContainerView.swift in Sources */,
			);
			runOnlyForDeploymentPostprocessing = 0;
		};
/* End PBXSourcesBuildPhase section */

/* Begin PBXTargetDependency section */
		9D90491029E10E8200C39EDF /* PBXTargetDependency */ = {
			isa = PBXTargetDependency;
			target = 9DCEAFC229C8885100D5EF02 /* SwiftfulThinkingMaster */;
			targetProxy = 9D90490F29E10E8200C39EDF /* PBXContainerItemProxy */;
		};
		9DB415FA29DEF15300C82A18 /* PBXTargetDependency */ = {
			isa = PBXTargetDependency;
			target = 9DCEAFC229C8885100D5EF02 /* SwiftfulThinkingMaster */;
			targetProxy = 9DB415F929DEF15300C82A18 /* PBXContainerItemProxy */;
		};
/* End PBXTargetDependency section */

/* Begin XCBuildConfiguration section */
		9D90491229E10E8200C39EDF /* Debug */ = {
			isa = XCBuildConfiguration;
			buildSettings = {
				CODE_SIGN_STYLE = Automatic;
				CURRENT_PROJECT_VERSION = 1;
				DEVELOPMENT_TEAM = ZDJ95T6M99;
				GENERATE_INFOPLIST_FILE = YES;
				IPHONEOS_DEPLOYMENT_TARGET = 16.4;
				MARKETING_VERSION = 1.0;
				PRODUCT_BUNDLE_IDENTIFIER = "io.woozoobro.SwiftfulThinkingMaster-UITests";
				PRODUCT_NAME = "$(TARGET_NAME)";
				SWIFT_EMIT_LOC_STRINGS = NO;
				SWIFT_VERSION = 5.0;
				TARGETED_DEVICE_FAMILY = "1,2";
				TEST_TARGET_NAME = SwiftfulThinkingMaster;
			};
			name = Debug;
		};
		9D90491329E10E8200C39EDF /* Release */ = {
			isa = XCBuildConfiguration;
			buildSettings = {
				CODE_SIGN_STYLE = Automatic;
				CURRENT_PROJECT_VERSION = 1;
				DEVELOPMENT_TEAM = ZDJ95T6M99;
				GENERATE_INFOPLIST_FILE = YES;
				IPHONEOS_DEPLOYMENT_TARGET = 16.4;
				MARKETING_VERSION = 1.0;
				PRODUCT_BUNDLE_IDENTIFIER = "io.woozoobro.SwiftfulThinkingMaster-UITests";
				PRODUCT_NAME = "$(TARGET_NAME)";
				SWIFT_EMIT_LOC_STRINGS = NO;
				SWIFT_VERSION = 5.0;
				TARGETED_DEVICE_FAMILY = "1,2";
				TEST_TARGET_NAME = SwiftfulThinkingMaster;
			};
			name = Release;
		};
		9DB415FC29DEF15300C82A18 /* Debug */ = {
			isa = XCBuildConfiguration;
			buildSettings = {
				BUNDLE_LOADER = "$(TEST_HOST)";
				CODE_SIGN_STYLE = Automatic;
				CURRENT_PROJECT_VERSION = 1;
				DEVELOPMENT_TEAM = ZDJ95T6M99;
				GENERATE_INFOPLIST_FILE = YES;
				IPHONEOS_DEPLOYMENT_TARGET = 16.4;
				MARKETING_VERSION = 1.0;
				PRODUCT_BUNDLE_IDENTIFIER = "io.woozoobro.SwiftfulThinkingMaster-Tests";
				PRODUCT_NAME = "$(TARGET_NAME)";
				SWIFT_EMIT_LOC_STRINGS = NO;
				SWIFT_VERSION = 5.0;
				TARGETED_DEVICE_FAMILY = "1,2";
				TEST_HOST = "$(BUILT_PRODUCTS_DIR)/SwiftfulThinkingMaster.app/$(BUNDLE_EXECUTABLE_FOLDER_PATH)/SwiftfulThinkingMaster";
			};
			name = Debug;
		};
		9DB415FD29DEF15300C82A18 /* Release */ = {
			isa = XCBuildConfiguration;
			buildSettings = {
				BUNDLE_LOADER = "$(TEST_HOST)";
				CODE_SIGN_STYLE = Automatic;
				CURRENT_PROJECT_VERSION = 1;
				DEVELOPMENT_TEAM = ZDJ95T6M99;
				GENERATE_INFOPLIST_FILE = YES;
				IPHONEOS_DEPLOYMENT_TARGET = 16.4;
				MARKETING_VERSION = 1.0;
				PRODUCT_BUNDLE_IDENTIFIER = "io.woozoobro.SwiftfulThinkingMaster-Tests";
				PRODUCT_NAME = "$(TARGET_NAME)";
				SWIFT_EMIT_LOC_STRINGS = NO;
				SWIFT_VERSION = 5.0;
				TARGETED_DEVICE_FAMILY = "1,2";
				TEST_HOST = "$(BUILT_PRODUCTS_DIR)/SwiftfulThinkingMaster.app/$(BUNDLE_EXECUTABLE_FOLDER_PATH)/SwiftfulThinkingMaster";
			};
			name = Release;
		};
		9DCEAFCF29C8885200D5EF02 /* Debug */ = {
			isa = XCBuildConfiguration;
			buildSettings = {
				ALWAYS_SEARCH_USER_PATHS = NO;
				CLANG_ANALYZER_NONNULL = YES;
				CLANG_ANALYZER_NUMBER_OBJECT_CONVERSION = YES_AGGRESSIVE;
				CLANG_CXX_LANGUAGE_STANDARD = "gnu++20";
				CLANG_ENABLE_MODULES = YES;
				CLANG_ENABLE_OBJC_ARC = YES;
				CLANG_ENABLE_OBJC_WEAK = YES;
				CLANG_WARN_BLOCK_CAPTURE_AUTORELEASING = YES;
				CLANG_WARN_BOOL_CONVERSION = YES;
				CLANG_WARN_COMMA = YES;
				CLANG_WARN_CONSTANT_CONVERSION = YES;
				CLANG_WARN_DEPRECATED_OBJC_IMPLEMENTATIONS = YES;
				CLANG_WARN_DIRECT_OBJC_ISA_USAGE = YES_ERROR;
				CLANG_WARN_DOCUMENTATION_COMMENTS = YES;
				CLANG_WARN_EMPTY_BODY = YES;
				CLANG_WARN_ENUM_CONVERSION = YES;
				CLANG_WARN_INFINITE_RECURSION = YES;
				CLANG_WARN_INT_CONVERSION = YES;
				CLANG_WARN_NON_LITERAL_NULL_CONVERSION = YES;
				CLANG_WARN_OBJC_IMPLICIT_RETAIN_SELF = YES;
				CLANG_WARN_OBJC_LITERAL_CONVERSION = YES;
				CLANG_WARN_OBJC_ROOT_CLASS = YES_ERROR;
				CLANG_WARN_QUOTED_INCLUDE_IN_FRAMEWORK_HEADER = YES;
				CLANG_WARN_RANGE_LOOP_ANALYSIS = YES;
				CLANG_WARN_STRICT_PROTOTYPES = YES;
				CLANG_WARN_SUSPICIOUS_MOVE = YES;
				CLANG_WARN_UNGUARDED_AVAILABILITY = YES_AGGRESSIVE;
				CLANG_WARN_UNREACHABLE_CODE = YES;
				CLANG_WARN__DUPLICATE_METHOD_MATCH = YES;
				COPY_PHASE_STRIP = NO;
				DEBUG_INFORMATION_FORMAT = dwarf;
				ENABLE_STRICT_OBJC_MSGSEND = YES;
				ENABLE_TESTABILITY = YES;
				GCC_C_LANGUAGE_STANDARD = gnu11;
				GCC_DYNAMIC_NO_PIC = NO;
				GCC_NO_COMMON_BLOCKS = YES;
				GCC_OPTIMIZATION_LEVEL = 0;
				GCC_PREPROCESSOR_DEFINITIONS = (
					"DEBUG=1",
					"$(inherited)",
				);
				GCC_WARN_64_TO_32_BIT_CONVERSION = YES;
				GCC_WARN_ABOUT_RETURN_TYPE = YES_ERROR;
				GCC_WARN_UNDECLARED_SELECTOR = YES;
				GCC_WARN_UNINITIALIZED_AUTOS = YES_AGGRESSIVE;
				GCC_WARN_UNUSED_FUNCTION = YES;
				GCC_WARN_UNUSED_VARIABLE = YES;
				IPHONEOS_DEPLOYMENT_TARGET = 16.2;
				MTL_ENABLE_DEBUG_INFO = INCLUDE_SOURCE;
				MTL_FAST_MATH = YES;
				ONLY_ACTIVE_ARCH = YES;
				SDKROOT = iphoneos;
				SWIFT_ACTIVE_COMPILATION_CONDITIONS = DEBUG;
				SWIFT_OPTIMIZATION_LEVEL = "-Onone";
			};
			name = Debug;
		};
		9DCEAFD029C8885200D5EF02 /* Release */ = {
			isa = XCBuildConfiguration;
			buildSettings = {
				ALWAYS_SEARCH_USER_PATHS = NO;
				CLANG_ANALYZER_NONNULL = YES;
				CLANG_ANALYZER_NUMBER_OBJECT_CONVERSION = YES_AGGRESSIVE;
				CLANG_CXX_LANGUAGE_STANDARD = "gnu++20";
				CLANG_ENABLE_MODULES = YES;
				CLANG_ENABLE_OBJC_ARC = YES;
				CLANG_ENABLE_OBJC_WEAK = YES;
				CLANG_WARN_BLOCK_CAPTURE_AUTORELEASING = YES;
				CLANG_WARN_BOOL_CONVERSION = YES;
				CLANG_WARN_COMMA = YES;
				CLANG_WARN_CONSTANT_CONVERSION = YES;
				CLANG_WARN_DEPRECATED_OBJC_IMPLEMENTATIONS = YES;
				CLANG_WARN_DIRECT_OBJC_ISA_USAGE = YES_ERROR;
				CLANG_WARN_DOCUMENTATION_COMMENTS = YES;
				CLANG_WARN_EMPTY_BODY = YES;
				CLANG_WARN_ENUM_CONVERSION = YES;
				CLANG_WARN_INFINITE_RECURSION = YES;
				CLANG_WARN_INT_CONVERSION = YES;
				CLANG_WARN_NON_LITERAL_NULL_CONVERSION = YES;
				CLANG_WARN_OBJC_IMPLICIT_RETAIN_SELF = YES;
				CLANG_WARN_OBJC_LITERAL_CONVERSION = YES;
				CLANG_WARN_OBJC_ROOT_CLASS = YES_ERROR;
				CLANG_WARN_QUOTED_INCLUDE_IN_FRAMEWORK_HEADER = YES;
				CLANG_WARN_RANGE_LOOP_ANALYSIS = YES;
				CLANG_WARN_STRICT_PROTOTYPES = YES;
				CLANG_WARN_SUSPICIOUS_MOVE = YES;
				CLANG_WARN_UNGUARDED_AVAILABILITY = YES_AGGRESSIVE;
				CLANG_WARN_UNREACHABLE_CODE = YES;
				CLANG_WARN__DUPLICATE_METHOD_MATCH = YES;
				COPY_PHASE_STRIP = NO;
				DEBUG_INFORMATION_FORMAT = "dwarf-with-dsym";
				ENABLE_NS_ASSERTIONS = NO;
				ENABLE_STRICT_OBJC_MSGSEND = YES;
				GCC_C_LANGUAGE_STANDARD = gnu11;
				GCC_NO_COMMON_BLOCKS = YES;
				GCC_WARN_64_TO_32_BIT_CONVERSION = YES;
				GCC_WARN_ABOUT_RETURN_TYPE = YES_ERROR;
				GCC_WARN_UNDECLARED_SELECTOR = YES;
				GCC_WARN_UNINITIALIZED_AUTOS = YES_AGGRESSIVE;
				GCC_WARN_UNUSED_FUNCTION = YES;
				GCC_WARN_UNUSED_VARIABLE = YES;
				IPHONEOS_DEPLOYMENT_TARGET = 16.2;
				MTL_ENABLE_DEBUG_INFO = NO;
				MTL_FAST_MATH = YES;
				SDKROOT = iphoneos;
				SWIFT_COMPILATION_MODE = wholemodule;
				SWIFT_OPTIMIZATION_LEVEL = "-O";
				VALIDATE_PRODUCT = YES;
			};
			name = Release;
		};
		9DCEAFD229C8885200D5EF02 /* Debug */ = {
			isa = XCBuildConfiguration;
			buildSettings = {
				ASSETCATALOG_COMPILER_APPICON_NAME = AppIcon;
				ASSETCATALOG_COMPILER_GLOBAL_ACCENT_COLOR_NAME = AccentColor;
				CODE_SIGN_ENTITLEMENTS = SwiftfulThinkingMaster/SwiftfulThinkingMaster.entitlements;
				CODE_SIGN_STYLE = Automatic;
				CURRENT_PROJECT_VERSION = 1;
				DEVELOPMENT_ASSET_PATHS = "\"SwiftfulThinkingMaster/Preview Content\"";
				DEVELOPMENT_TEAM = ZDJ95T6M99;
				ENABLE_PREVIEWS = YES;
				GENERATE_INFOPLIST_FILE = YES;
				INFOPLIST_KEY_UIApplicationSceneManifest_Generation = YES;
				INFOPLIST_KEY_UIApplicationSupportsIndirectInputEvents = YES;
				INFOPLIST_KEY_UILaunchScreen_Generation = YES;
				INFOPLIST_KEY_UISupportedInterfaceOrientations_iPad = "UIInterfaceOrientationPortrait UIInterfaceOrientationPortraitUpsideDown UIInterfaceOrientationLandscapeLeft UIInterfaceOrientationLandscapeRight";
				INFOPLIST_KEY_UISupportedInterfaceOrientations_iPhone = "UIInterfaceOrientationPortrait UIInterfaceOrientationLandscapeLeft UIInterfaceOrientationLandscapeRight";
				LD_RUNPATH_SEARCH_PATHS = (
					"$(inherited)",
					"@executable_path/Frameworks",
				);
				MARKETING_VERSION = 1.0;
				PRODUCT_BUNDLE_IDENTIFIER = io.woozoobro.SwiftfulThinkingMaster;
				PRODUCT_NAME = "$(TARGET_NAME)";
				SWIFT_EMIT_LOC_STRINGS = YES;
				SWIFT_VERSION = 5.0;
				TARGETED_DEVICE_FAMILY = "1,2";
			};
			name = Debug;
		};
		9DCEAFD329C8885200D5EF02 /* Release */ = {
			isa = XCBuildConfiguration;
			buildSettings = {
				ASSETCATALOG_COMPILER_APPICON_NAME = AppIcon;
				ASSETCATALOG_COMPILER_GLOBAL_ACCENT_COLOR_NAME = AccentColor;
				CODE_SIGN_ENTITLEMENTS = SwiftfulThinkingMaster/SwiftfulThinkingMaster.entitlements;
				CODE_SIGN_STYLE = Automatic;
				CURRENT_PROJECT_VERSION = 1;
				DEVELOPMENT_ASSET_PATHS = "\"SwiftfulThinkingMaster/Preview Content\"";
				DEVELOPMENT_TEAM = ZDJ95T6M99;
				ENABLE_PREVIEWS = YES;
				GENERATE_INFOPLIST_FILE = YES;
				INFOPLIST_KEY_UIApplicationSceneManifest_Generation = YES;
				INFOPLIST_KEY_UIApplicationSupportsIndirectInputEvents = YES;
				INFOPLIST_KEY_UILaunchScreen_Generation = YES;
				INFOPLIST_KEY_UISupportedInterfaceOrientations_iPad = "UIInterfaceOrientationPortrait UIInterfaceOrientationPortraitUpsideDown UIInterfaceOrientationLandscapeLeft UIInterfaceOrientationLandscapeRight";
				INFOPLIST_KEY_UISupportedInterfaceOrientations_iPhone = "UIInterfaceOrientationPortrait UIInterfaceOrientationLandscapeLeft UIInterfaceOrientationLandscapeRight";
				LD_RUNPATH_SEARCH_PATHS = (
					"$(inherited)",
					"@executable_path/Frameworks",
				);
				MARKETING_VERSION = 1.0;
				PRODUCT_BUNDLE_IDENTIFIER = io.woozoobro.SwiftfulThinkingMaster;
				PRODUCT_NAME = "$(TARGET_NAME)";
				SWIFT_EMIT_LOC_STRINGS = YES;
				SWIFT_VERSION = 5.0;
				TARGETED_DEVICE_FAMILY = "1,2";
			};
			name = Release;
		};
/* End XCBuildConfiguration section */

/* Begin XCConfigurationList section */
		9D90491129E10E8200C39EDF /* Build configuration list for PBXNativeTarget "SwiftfulThinkingMaster_UITests" */ = {
			isa = XCConfigurationList;
			buildConfigurations = (
				9D90491229E10E8200C39EDF /* Debug */,
				9D90491329E10E8200C39EDF /* Release */,
			);
			defaultConfigurationIsVisible = 0;
			defaultConfigurationName = Release;
		};
		9DB415FB29DEF15300C82A18 /* Build configuration list for PBXNativeTarget "SwiftfulThinkingMaster_Tests" */ = {
			isa = XCConfigurationList;
			buildConfigurations = (
				9DB415FC29DEF15300C82A18 /* Debug */,
				9DB415FD29DEF15300C82A18 /* Release */,
			);
			defaultConfigurationIsVisible = 0;
			defaultConfigurationName = Release;
		};
		9DCEAFBE29C8885100D5EF02 /* Build configuration list for PBXProject "SwiftfulThinkingMaster" */ = {
			isa = XCConfigurationList;
			buildConfigurations = (
				9DCEAFCF29C8885200D5EF02 /* Debug */,
				9DCEAFD029C8885200D5EF02 /* Release */,
			);
			defaultConfigurationIsVisible = 0;
			defaultConfigurationName = Release;
		};
		9DCEAFD129C8885200D5EF02 /* Build configuration list for PBXNativeTarget "SwiftfulThinkingMaster" */ = {
			isa = XCConfigurationList;
			buildConfigurations = (
				9DCEAFD229C8885200D5EF02 /* Debug */,
				9DCEAFD329C8885200D5EF02 /* Release */,
			);
			defaultConfigurationIsVisible = 0;
			defaultConfigurationName = Release;
		};
/* End XCConfigurationList section */
	};
	rootObject = 9DCEAFBB29C8885100D5EF02 /* Project object */;
}
