// !$*UTF8*$!
{
	archiveVersion = 1;
	classes = {
	};
	objectVersion = 56;
	objects = {

/* Begin PBXBuildFile section */
		9D71165D2957FDAD000D6790 /* FrameworkCell.swift in Sources */ = {isa = PBXBuildFile; fileRef = 9D71165C2957FDAD000D6790 /* FrameworkCell.swift */; };
		9D7504AD2957F1100044773A /* AppDelegate.swift in Sources */ = {isa = PBXBuildFile; fileRef = 9D7504AC2957F1100044773A /* AppDelegate.swift */; };
		9D7504AF2957F1100044773A /* SceneDelegate.swift in Sources */ = {isa = PBXBuildFile; fileRef = 9D7504AE2957F1100044773A /* SceneDelegate.swift */; };
		9D7504B12957F1100044773A /* FrameworkListViewController.swift in Sources */ = {isa = PBXBuildFile; fileRef = 9D7504B02957F1100044773A /* FrameworkListViewController.swift */; };
		9D7504B42957F1100044773A /* Main.storyboard in Resources */ = {isa = PBXBuildFile; fileRef = 9D7504B22957F1100044773A /* Main.storyboard */; };
		9D7504B62957F1110044773A /* Assets.xcassets in Resources */ = {isa = PBXBuildFile; fileRef = 9D7504B52957F1110044773A /* Assets.xcassets */; };
		9D7504B92957F1110044773A /* LaunchScreen.storyboard in Resources */ = {isa = PBXBuildFile; fileRef = 9D7504B72957F1110044773A /* LaunchScreen.storyboard */; };
		9D7504C42957F1110044773A /* AppleFrameworkListTests.swift in Sources */ = {isa = PBXBuildFile; fileRef = 9D7504C32957F1110044773A /* AppleFrameworkListTests.swift */; };
		9D7504CE2957F1110044773A /* AppleFrameworkListUITests.swift in Sources */ = {isa = PBXBuildFile; fileRef = 9D7504CD2957F1110044773A /* AppleFrameworkListUITests.swift */; };
		9D7504D02957F1110044773A /* AppleFrameworkListUITestsLaunchTests.swift in Sources */ = {isa = PBXBuildFile; fileRef = 9D7504CF2957F1110044773A /* AppleFrameworkListUITestsLaunchTests.swift */; };
		9D7504DD2957F1E50044773A /* AppleFramework.swift in Sources */ = {isa = PBXBuildFile; fileRef = 9D7504DC2957F1E50044773A /* AppleFramework.swift */; };
		9DBC42482959F94100CC68F9 /* Detail.storyboard in Resources */ = {isa = PBXBuildFile; fileRef = 9DBC42472959F94100CC68F9 /* Detail.storyboard */; };
		9DBC424A2959F95900CC68F9 /* FrameworkDetailViewController.swift in Sources */ = {isa = PBXBuildFile; fileRef = 9DBC42492959F95900CC68F9 /* FrameworkDetailViewController.swift */; };
/* End PBXBuildFile section */

/* Begin PBXContainerItemProxy section */
		9D7504C02957F1110044773A /* PBXContainerItemProxy */ = {
			isa = PBXContainerItemProxy;
			containerPortal = 9D7504A12957F1100044773A /* Project object */;
			proxyType = 1;
			remoteGlobalIDString = 9D7504A82957F1100044773A;
			remoteInfo = AppleFrameworkList;
		};
		9D7504CA2957F1110044773A /* PBXContainerItemProxy */ = {
			isa = PBXContainerItemProxy;
			containerPortal = 9D7504A12957F1100044773A /* Project object */;
			proxyType = 1;
			remoteGlobalIDString = 9D7504A82957F1100044773A;
			remoteInfo = AppleFrameworkList;
		};
/* End PBXContainerItemProxy section */

/* Begin PBXFileReference section */
		9D71165C2957FDAD000D6790 /* FrameworkCell.swift */ = {isa = PBXFileReference; lastKnownFileType = sourcecode.swift; path = FrameworkCell.swift; sourceTree = "<group>"; };
		9D7504A92957F1100044773A /* AppleFrameworkList.app */ = {isa = PBXFileReference; explicitFileType = wrapper.application; includeInIndex = 0; path = AppleFrameworkList.app; sourceTree = BUILT_PRODUCTS_DIR; };
		9D7504AC2957F1100044773A /* AppDelegate.swift */ = {isa = PBXFileReference; lastKnownFileType = sourcecode.swift; path = AppDelegate.swift; sourceTree = "<group>"; };
		9D7504AE2957F1100044773A /* SceneDelegate.swift */ = {isa = PBXFileReference; lastKnownFileType = sourcecode.swift; path = SceneDelegate.swift; sourceTree = "<group>"; };
		9D7504B02957F1100044773A /* FrameworkListViewController.swift */ = {isa = PBXFileReference; lastKnownFileType = sourcecode.swift; path = FrameworkListViewController.swift; sourceTree = "<group>"; };
		9D7504B32957F1100044773A /* Base */ = {isa = PBXFileReference; lastKnownFileType = file.storyboard; name = Base; path = Base.lproj/Main.storyboard; sourceTree = "<group>"; };
		9D7504B52957F1110044773A /* Assets.xcassets */ = {isa = PBXFileReference; lastKnownFileType = folder.assetcatalog; path = Assets.xcassets; sourceTree = "<group>"; };
		9D7504B82957F1110044773A /* Base */ = {isa = PBXFileReference; lastKnownFileType = file.storyboard; name = Base; path = Base.lproj/LaunchScreen.storyboard; sourceTree = "<group>"; };
		9D7504BA2957F1110044773A /* Info.plist */ = {isa = PBXFileReference; lastKnownFileType = text.plist.xml; path = Info.plist; sourceTree = "<group>"; };
		9D7504BF2957F1110044773A /* AppleFrameworkListTests.xctest */ = {isa = PBXFileReference; explicitFileType = wrapper.cfbundle; includeInIndex = 0; path = AppleFrameworkListTests.xctest; sourceTree = BUILT_PRODUCTS_DIR; };
		9D7504C32957F1110044773A /* AppleFrameworkListTests.swift */ = {isa = PBXFileReference; lastKnownFileType = sourcecode.swift; path = AppleFrameworkListTests.swift; sourceTree = "<group>"; };
		9D7504C92957F1110044773A /* AppleFrameworkListUITests.xctest */ = {isa = PBXFileReference; explicitFileType = wrapper.cfbundle; includeInIndex = 0; path = AppleFrameworkListUITests.xctest; sourceTree = BUILT_PRODUCTS_DIR; };
		9D7504CD2957F1110044773A /* AppleFrameworkListUITests.swift */ = {isa = PBXFileReference; lastKnownFileType = sourcecode.swift; path = AppleFrameworkListUITests.swift; sourceTree = "<group>"; };
		9D7504CF2957F1110044773A /* AppleFrameworkListUITestsLaunchTests.swift */ = {isa = PBXFileReference; lastKnownFileType = sourcecode.swift; path = AppleFrameworkListUITestsLaunchTests.swift; sourceTree = "<group>"; };
		9D7504DC2957F1E50044773A /* AppleFramework.swift */ = {isa = PBXFileReference; lastKnownFileType = sourcecode.swift; path = AppleFramework.swift; sourceTree = "<group>"; };
		9DBC42472959F94100CC68F9 /* Detail.storyboard */ = {isa = PBXFileReference; lastKnownFileType = file.storyboard; path = Detail.storyboard; sourceTree = "<group>"; };
		9DBC42492959F95900CC68F9 /* FrameworkDetailViewController.swift */ = {isa = PBXFileReference; lastKnownFileType = sourcecode.swift; path = FrameworkDetailViewController.swift; sourceTree = "<group>"; };
/* End PBXFileReference section */

/* Begin PBXFrameworksBuildPhase section */
		9D7504A62957F1100044773A /* Frameworks */ = {
			isa = PBXFrameworksBuildPhase;
			buildActionMask = 2147483647;
			files = (
			);
			runOnlyForDeploymentPostprocessing = 0;
		};
		9D7504BC2957F1110044773A /* Frameworks */ = {
			isa = PBXFrameworksBuildPhase;
			buildActionMask = 2147483647;
			files = (
			);
			runOnlyForDeploymentPostprocessing = 0;
		};
		9D7504C62957F1110044773A /* Frameworks */ = {
			isa = PBXFrameworksBuildPhase;
			buildActionMask = 2147483647;
			files = (
			);
			runOnlyForDeploymentPostprocessing = 0;
		};
/* End PBXFrameworksBuildPhase section */

/* Begin PBXGroup section */
		9D7504A02957F1100044773A = {
			isa = PBXGroup;
			children = (
				9D7504AB2957F1100044773A /* AppleFrameworkList */,
				9D7504C22957F1110044773A /* AppleFrameworkListTests */,
				9D7504CC2957F1110044773A /* AppleFrameworkListUITests */,
				9D7504AA2957F1100044773A /* Products */,
			);
			sourceTree = "<group>";
		};
		9D7504AA2957F1100044773A /* Products */ = {
			isa = PBXGroup;
			children = (
				9D7504A92957F1100044773A /* AppleFrameworkList.app */,
				9D7504BF2957F1110044773A /* AppleFrameworkListTests.xctest */,
				9D7504C92957F1110044773A /* AppleFrameworkListUITests.xctest */,
			);
			name = Products;
			sourceTree = "<group>";
		};
		9D7504AB2957F1100044773A /* AppleFrameworkList */ = {
			isa = PBXGroup;
			children = (
				9D7504AC2957F1100044773A /* AppDelegate.swift */,
				9D7504AE2957F1100044773A /* SceneDelegate.swift */,
				9D7504B02957F1100044773A /* FrameworkListViewController.swift */,
				9D7504DC2957F1E50044773A /* AppleFramework.swift */,
				9D71165C2957FDAD000D6790 /* FrameworkCell.swift */,
				9D7504B22957F1100044773A /* Main.storyboard */,
				9DBC42472959F94100CC68F9 /* Detail.storyboard */,
				9DBC42492959F95900CC68F9 /* FrameworkDetailViewController.swift */,
				9D7504B52957F1110044773A /* Assets.xcassets */,
				9D7504B72957F1110044773A /* LaunchScreen.storyboard */,
				9D7504BA2957F1110044773A /* Info.plist */,
			);
			path = AppleFrameworkList;
			sourceTree = "<group>";
		};
		9D7504C22957F1110044773A /* AppleFrameworkListTests */ = {
			isa = PBXGroup;
			children = (
				9D7504C32957F1110044773A /* AppleFrameworkListTests.swift */,
			);
			path = AppleFrameworkListTests;
			sourceTree = "<group>";
		};
		9D7504CC2957F1110044773A /* AppleFrameworkListUITests */ = {
			isa = PBXGroup;
			children = (
				9D7504CD2957F1110044773A /* AppleFrameworkListUITests.swift */,
				9D7504CF2957F1110044773A /* AppleFrameworkListUITestsLaunchTests.swift */,
			);
			path = AppleFrameworkListUITests;
			sourceTree = "<group>";
		};
/* End PBXGroup section */

/* Begin PBXNativeTarget section */
		9D7504A82957F1100044773A /* AppleFrameworkList */ = {
			isa = PBXNativeTarget;
			buildConfigurationList = 9D7504D32957F1110044773A /* Build configuration list for PBXNativeTarget "AppleFrameworkList" */;
			buildPhases = (
				9D7504A52957F1100044773A /* Sources */,
				9D7504A62957F1100044773A /* Frameworks */,
				9D7504A72957F1100044773A /* Resources */,
			);
			buildRules = (
			);
			dependencies = (
			);
			name = AppleFrameworkList;
			productName = AppleFrameworkList;
			productReference = 9D7504A92957F1100044773A /* AppleFrameworkList.app */;
			productType = "com.apple.product-type.application";
		};
		9D7504BE2957F1110044773A /* AppleFrameworkListTests */ = {
			isa = PBXNativeTarget;
			buildConfigurationList = 9D7504D62957F1110044773A /* Build configuration list for PBXNativeTarget "AppleFrameworkListTests" */;
			buildPhases = (
				9D7504BB2957F1110044773A /* Sources */,
				9D7504BC2957F1110044773A /* Frameworks */,
				9D7504BD2957F1110044773A /* Resources */,
			);
			buildRules = (
			);
			dependencies = (
				9D7504C12957F1110044773A /* PBXTargetDependency */,
			);
			name = AppleFrameworkListTests;
			productName = AppleFrameworkListTests;
			productReference = 9D7504BF2957F1110044773A /* AppleFrameworkListTests.xctest */;
			productType = "com.apple.product-type.bundle.unit-test";
		};
		9D7504C82957F1110044773A /* AppleFrameworkListUITests */ = {
			isa = PBXNativeTarget;
			buildConfigurationList = 9D7504D92957F1110044773A /* Build configuration list for PBXNativeTarget "AppleFrameworkListUITests" */;
			buildPhases = (
				9D7504C52957F1110044773A /* Sources */,
				9D7504C62957F1110044773A /* Frameworks */,
				9D7504C72957F1110044773A /* Resources */,
			);
			buildRules = (
			);
			dependencies = (
				9D7504CB2957F1110044773A /* PBXTargetDependency */,
			);
			name = AppleFrameworkListUITests;
			productName = AppleFrameworkListUITests;
			productReference = 9D7504C92957F1110044773A /* AppleFrameworkListUITests.xctest */;
			productType = "com.apple.product-type.bundle.ui-testing";
		};
/* End PBXNativeTarget section */

/* Begin PBXProject section */
		9D7504A12957F1100044773A /* Project object */ = {
			isa = PBXProject;
			attributes = {
				BuildIndependentTargetsInParallel = 1;
				LastSwiftUpdateCheck = 1420;
				LastUpgradeCheck = 1420;
				TargetAttributes = {
					9D7504A82957F1100044773A = {
						CreatedOnToolsVersion = 14.2;
					};
					9D7504BE2957F1110044773A = {
						CreatedOnToolsVersion = 14.2;
						TestTargetID = 9D7504A82957F1100044773A;
					};
					9D7504C82957F1110044773A = {
						CreatedOnToolsVersion = 14.2;
						TestTargetID = 9D7504A82957F1100044773A;
					};
				};
			};
			buildConfigurationList = 9D7504A42957F1100044773A /* Build configuration list for PBXProject "AppleFrameworkListDiffable" */;
			compatibilityVersion = "Xcode 14.0";
			developmentRegion = en;
			hasScannedForEncodings = 0;
			knownRegions = (
				en,
				Base,
			);
			mainGroup = 9D7504A02957F1100044773A;
			productRefGroup = 9D7504AA2957F1100044773A /* Products */;
			projectDirPath = "";
			projectRoot = "";
			targets = (
				9D7504A82957F1100044773A /* AppleFrameworkList */,
				9D7504BE2957F1110044773A /* AppleFrameworkListTests */,
				9D7504C82957F1110044773A /* AppleFrameworkListUITests */,
			);
		};
/* End PBXProject section */

/* Begin PBXResourcesBuildPhase section */
		9D7504A72957F1100044773A /* Resources */ = {
			isa = PBXResourcesBuildPhase;
			buildActionMask = 2147483647;
			files = (
				9D7504B92957F1110044773A /* LaunchScreen.storyboard in Resources */,
				9D7504B62957F1110044773A /* Assets.xcassets in Resources */,
				9D7504B42957F1100044773A /* Main.storyboard in Resources */,
				9DBC42482959F94100CC68F9 /* Detail.storyboard in Resources */,
			);
			runOnlyForDeploymentPostprocessing = 0;
		};
		9D7504BD2957F1110044773A /* Resources */ = {
			isa = PBXResourcesBuildPhase;
			buildActionMask = 2147483647;
			files = (
			);
			runOnlyForDeploymentPostprocessing = 0;
		};
		9D7504C72957F1110044773A /* Resources */ = {
			isa = PBXResourcesBuildPhase;
			buildActionMask = 2147483647;
			files = (
			);
			runOnlyForDeploymentPostprocessing = 0;
		};
/* End PBXResourcesBuildPhase section */

/* Begin PBXSourcesBuildPhase section */
		9D7504A52957F1100044773A /* Sources */ = {
			isa = PBXSourcesBuildPhase;
			buildActionMask = 2147483647;
			files = (
				9D7504B12957F1100044773A /* FrameworkListViewController.swift in Sources */,
				9D7504DD2957F1E50044773A /* AppleFramework.swift in Sources */,
				9D7504AD2957F1100044773A /* AppDelegate.swift in Sources */,
				9D71165D2957FDAD000D6790 /* FrameworkCell.swift in Sources */,
				9DBC424A2959F95900CC68F9 /* FrameworkDetailViewController.swift in Sources */,
				9D7504AF2957F1100044773A /* SceneDelegate.swift in Sources */,
			);
			runOnlyForDeploymentPostprocessing = 0;
		};
		9D7504BB2957F1110044773A /* Sources */ = {
			isa = PBXSourcesBuildPhase;
			buildActionMask = 2147483647;
			files = (
				9D7504C42957F1110044773A /* AppleFrameworkListTests.swift in Sources */,
			);
			runOnlyForDeploymentPostprocessing = 0;
		};
		9D7504C52957F1110044773A /* Sources */ = {
			isa = PBXSourcesBuildPhase;
			buildActionMask = 2147483647;
			files = (
				9D7504D02957F1110044773A /* AppleFrameworkListUITestsLaunchTests.swift in Sources */,
				9D7504CE2957F1110044773A /* AppleFrameworkListUITests.swift in Sources */,
			);
			runOnlyForDeploymentPostprocessing = 0;
		};
/* End PBXSourcesBuildPhase section */

/* Begin PBXTargetDependency section */
		9D7504C12957F1110044773A /* PBXTargetDependency */ = {
			isa = PBXTargetDependency;
			target = 9D7504A82957F1100044773A /* AppleFrameworkList */;
			targetProxy = 9D7504C02957F1110044773A /* PBXContainerItemProxy */;
		};
		9D7504CB2957F1110044773A /* PBXTargetDependency */ = {
			isa = PBXTargetDependency;
			target = 9D7504A82957F1100044773A /* AppleFrameworkList */;
			targetProxy = 9D7504CA2957F1110044773A /* PBXContainerItemProxy */;
		};
/* End PBXTargetDependency section */

/* Begin PBXVariantGroup section */
		9D7504B22957F1100044773A /* Main.storyboard */ = {
			isa = PBXVariantGroup;
			children = (
				9D7504B32957F1100044773A /* Base */,
			);
			name = Main.storyboard;
			sourceTree = "<group>";
		};
		9D7504B72957F1110044773A /* LaunchScreen.storyboard */ = {
			isa = PBXVariantGroup;
			children = (
				9D7504B82957F1110044773A /* Base */,
			);
			name = LaunchScreen.storyboard;
			sourceTree = "<group>";
		};
/* End PBXVariantGroup section */

/* Begin XCBuildConfiguration section */
		9D7504D12957F1110044773A /* Debug */ = {
			isa = XCBuildConfiguration;
			buildSettings = {
				ALWAYS_SEARCH_USER_PATHS = NO;
				CLANG_ANALYZER_NONNULL = YES;
				CLANG_ANALYZER_NUMBER_OBJECT_CONVERSION = YES_AGGRESSIVE;
				CLANG_CXX_LANGUAGE_STANDARD = "gnu++20";
				CLANG_ENABLE_MODULES = YES;
				CLANG_ENABLE_OBJC_ARC = YES;
				CLANG_ENABLE_OBJC_WEAK = YES;
				CLANG_WARN_BLOCK_CAPTURE_AUTORELEASING = YES;
				CLANG_WARN_BOOL_CONVERSION = YES;
				CLANG_WARN_COMMA = YES;
				CLANG_WARN_CONSTANT_CONVERSION = YES;
				CLANG_WARN_DEPRECATED_OBJC_IMPLEMENTATIONS = YES;
				CLANG_WARN_DIRECT_OBJC_ISA_USAGE = YES_ERROR;
				CLANG_WARN_DOCUMENTATION_COMMENTS = YES;
				CLANG_WARN_EMPTY_BODY = YES;
				CLANG_WARN_ENUM_CONVERSION = YES;
				CLANG_WARN_INFINITE_RECURSION = YES;
				CLANG_WARN_INT_CONVERSION = YES;
				CLANG_WARN_NON_LITERAL_NULL_CONVERSION = YES;
				CLANG_WARN_OBJC_IMPLICIT_RETAIN_SELF = YES;
				CLANG_WARN_OBJC_LITERAL_CONVERSION = YES;
				CLANG_WARN_OBJC_ROOT_CLASS = YES_ERROR;
				CLANG_WARN_QUOTED_INCLUDE_IN_FRAMEWORK_HEADER = YES;
				CLANG_WARN_RANGE_LOOP_ANALYSIS = YES;
				CLANG_WARN_STRICT_PROTOTYPES = YES;
				CLANG_WARN_SUSPICIOUS_MOVE = YES;
				CLANG_WARN_UNGUARDED_AVAILABILITY = YES_AGGRESSIVE;
				CLANG_WARN_UNREACHABLE_CODE = YES;
				CLANG_WARN__DUPLICATE_METHOD_MATCH = YES;
				COPY_PHASE_STRIP = NO;
				DEBUG_INFORMATION_FORMAT = dwarf;
				ENABLE_STRICT_OBJC_MSGSEND = YES;
				ENABLE_TESTABILITY = YES;
				GCC_C_LANGUAGE_STANDARD = gnu11;
				GCC_DYNAMIC_NO_PIC = NO;
				GCC_NO_COMMON_BLOCKS = YES;
				GCC_OPTIMIZATION_LEVEL = 0;
				GCC_PREPROCESSOR_DEFINITIONS = (
					"DEBUG=1",
					"$(inherited)",
				);
				GCC_WARN_64_TO_32_BIT_CONVERSION = YES;
				GCC_WARN_ABOUT_RETURN_TYPE = YES_ERROR;
				GCC_WARN_UNDECLARED_SELECTOR = YES;
				GCC_WARN_UNINITIALIZED_AUTOS = YES_AGGRESSIVE;
				GCC_WARN_UNUSED_FUNCTION = YES;
				GCC_WARN_UNUSED_VARIABLE = YES;
				IPHONEOS_DEPLOYMENT_TARGET = 16.2;
				MTL_ENABLE_DEBUG_INFO = INCLUDE_SOURCE;
				MTL_FAST_MATH = YES;
				ONLY_ACTIVE_ARCH = YES;
				SDKROOT = iphoneos;
				SWIFT_ACTIVE_COMPILATION_CONDITIONS = DEBUG;
				SWIFT_OPTIMIZATION_LEVEL = "-Onone";
			};
			name = Debug;
		};
		9D7504D22957F1110044773A /* Release */ = {
			isa = XCBuildConfiguration;
			buildSettings = {
				ALWAYS_SEARCH_USER_PATHS = NO;
				CLANG_ANALYZER_NONNULL = YES;
				CLANG_ANALYZER_NUMBER_OBJECT_CONVERSION = YES_AGGRESSIVE;
				CLANG_CXX_LANGUAGE_STANDARD = "gnu++20";
				CLANG_ENABLE_MODULES = YES;
				CLANG_ENABLE_OBJC_ARC = YES;
				CLANG_ENABLE_OBJC_WEAK = YES;
				CLANG_WARN_BLOCK_CAPTURE_AUTORELEASING = YES;
				CLANG_WARN_BOOL_CONVERSION = YES;
				CLANG_WARN_COMMA = YES;
				CLANG_WARN_CONSTANT_CONVERSION = YES;
				CLANG_WARN_DEPRECATED_OBJC_IMPLEMENTATIONS = YES;
				CLANG_WARN_DIRECT_OBJC_ISA_USAGE = YES_ERROR;
				CLANG_WARN_DOCUMENTATION_COMMENTS = YES;
				CLANG_WARN_EMPTY_BODY = YES;
				CLANG_WARN_ENUM_CONVERSION = YES;
				CLANG_WARN_INFINITE_RECURSION = YES;
				CLANG_WARN_INT_CONVERSION = YES;
				CLANG_WARN_NON_LITERAL_NULL_CONVERSION = YES;
				CLANG_WARN_OBJC_IMPLICIT_RETAIN_SELF = YES;
				CLANG_WARN_OBJC_LITERAL_CONVERSION = YES;
				CLANG_WARN_OBJC_ROOT_CLASS = YES_ERROR;
				CLANG_WARN_QUOTED_INCLUDE_IN_FRAMEWORK_HEADER = YES;
				CLANG_WARN_RANGE_LOOP_ANALYSIS = YES;
				CLANG_WARN_STRICT_PROTOTYPES = YES;
				CLANG_WARN_SUSPICIOUS_MOVE = YES;
				CLANG_WARN_UNGUARDED_AVAILABILITY = YES_AGGRESSIVE;
				CLANG_WARN_UNREACHABLE_CODE = YES;
				CLANG_WARN__DUPLICATE_METHOD_MATCH = YES;
				COPY_PHASE_STRIP = NO;
				DEBUG_INFORMATION_FORMAT = "dwarf-with-dsym";
				ENABLE_NS_ASSERTIONS = NO;
				ENABLE_STRICT_OBJC_MSGSEND = YES;
				GCC_C_LANGUAGE_STANDARD = gnu11;
				GCC_NO_COMMON_BLOCKS = YES;
				GCC_WARN_64_TO_32_BIT_CONVERSION = YES;
				GCC_WARN_ABOUT_RETURN_TYPE = YES_ERROR;
				GCC_WARN_UNDECLARED_SELECTOR = YES;
				GCC_WARN_UNINITIALIZED_AUTOS = YES_AGGRESSIVE;
				GCC_WARN_UNUSED_FUNCTION = YES;
				GCC_WARN_UNUSED_VARIABLE = YES;
				IPHONEOS_DEPLOYMENT_TARGET = 16.2;
				MTL_ENABLE_DEBUG_INFO = NO;
				MTL_FAST_MATH = YES;
				SDKROOT = iphoneos;
				SWIFT_COMPILATION_MODE = wholemodule;
				SWIFT_OPTIMIZATION_LEVEL = "-O";
				VALIDATE_PRODUCT = YES;
			};
			name = Release;
		};
		9D7504D42957F1110044773A /* Debug */ = {
			isa = XCBuildConfiguration;
			buildSettings = {
				ASSETCATALOG_COMPILER_APPICON_NAME = AppIcon;
				ASSETCATALOG_COMPILER_GLOBAL_ACCENT_COLOR_NAME = AccentColor;
				CODE_SIGN_STYLE = Automatic;
				CURRENT_PROJECT_VERSION = 1;
				DEVELOPMENT_TEAM = ZDJ95T6M99;
				GENERATE_INFOPLIST_FILE = YES;
				INFOPLIST_FILE = AppleFrameworkList/Info.plist;
				INFOPLIST_KEY_UIApplicationSupportsIndirectInputEvents = YES;
				INFOPLIST_KEY_UILaunchStoryboardName = LaunchScreen;
				INFOPLIST_KEY_UIMainStoryboardFile = Main;
				INFOPLIST_KEY_UISupportedInterfaceOrientations_iPad = "UIInterfaceOrientationPortrait UIInterfaceOrientationPortraitUpsideDown UIInterfaceOrientationLandscapeLeft UIInterfaceOrientationLandscapeRight";
				INFOPLIST_KEY_UISupportedInterfaceOrientations_iPhone = "UIInterfaceOrientationPortrait UIInterfaceOrientationLandscapeLeft UIInterfaceOrientationLandscapeRight";
				LD_RUNPATH_SEARCH_PATHS = (
					"$(inherited)",
					"@executable_path/Frameworks",
				);
				MARKETING_VERSION = 1.0;
				PRODUCT_BUNDLE_IDENTIFIER = io.woozoobro.AppleFrameworkList;
				PRODUCT_NAME = "$(TARGET_NAME)";
				SWIFT_EMIT_LOC_STRINGS = YES;
				SWIFT_VERSION = 5.0;
				TARGETED_DEVICE_FAMILY = "1,2";
			};
			name = Debug;
		};
		9D7504D52957F1110044773A /* Release */ = {
			isa = XCBuildConfiguration;
			buildSettings = {
				ASSETCATALOG_COMPILER_APPICON_NAME = AppIcon;
				ASSETCATALOG_COMPILER_GLOBAL_ACCENT_COLOR_NAME = AccentColor;
				CODE_SIGN_STYLE = Automatic;
				CURRENT_PROJECT_VERSION = 1;
				DEVELOPMENT_TEAM = ZDJ95T6M99;
				GENERATE_INFOPLIST_FILE = YES;
				INFOPLIST_FILE = AppleFrameworkList/Info.plist;
				INFOPLIST_KEY_UIApplicationSupportsIndirectInputEvents = YES;
				INFOPLIST_KEY_UILaunchStoryboardName = LaunchScreen;
				INFOPLIST_KEY_UIMainStoryboardFile = Main;
				INFOPLIST_KEY_UISupportedInterfaceOrientations_iPad = "UIInterfaceOrientationPortrait UIInterfaceOrientationPortraitUpsideDown UIInterfaceOrientationLandscapeLeft UIInterfaceOrientationLandscapeRight";
				INFOPLIST_KEY_UISupportedInterfaceOrientations_iPhone = "UIInterfaceOrientationPortrait UIInterfaceOrientationLandscapeLeft UIInterfaceOrientationLandscapeRight";
				LD_RUNPATH_SEARCH_PATHS = (
					"$(inherited)",
					"@executable_path/Frameworks",
				);
				MARKETING_VERSION = 1.0;
				PRODUCT_BUNDLE_IDENTIFIER = io.woozoobro.AppleFrameworkList;
				PRODUCT_NAME = "$(TARGET_NAME)";
				SWIFT_EMIT_LOC_STRINGS = YES;
				SWIFT_VERSION = 5.0;
				TARGETED_DEVICE_FAMILY = "1,2";
			};
			name = Release;
		};
		9D7504D72957F1110044773A /* Debug */ = {
			isa = XCBuildConfiguration;
			buildSettings = {
				ALWAYS_EMBED_SWIFT_STANDARD_LIBRARIES = YES;
				BUNDLE_LOADER = "$(TEST_HOST)";
				CODE_SIGN_STYLE = Automatic;
				CURRENT_PROJECT_VERSION = 1;
				DEVELOPMENT_TEAM = ZDJ95T6M99;
				GENERATE_INFOPLIST_FILE = YES;
				IPHONEOS_DEPLOYMENT_TARGET = 16.2;
				MARKETING_VERSION = 1.0;
				PRODUCT_BUNDLE_IDENTIFIER = io.woozoobro.AppleFrameworkListTests;
				PRODUCT_NAME = "$(TARGET_NAME)";
				SWIFT_EMIT_LOC_STRINGS = NO;
				SWIFT_VERSION = 5.0;
				TARGETED_DEVICE_FAMILY = "1,2";
				TEST_HOST = "$(BUILT_PRODUCTS_DIR)/AppleFrameworkList.app/$(BUNDLE_EXECUTABLE_FOLDER_PATH)/AppleFrameworkList";
			};
			name = Debug;
		};
		9D7504D82957F1110044773A /* Release */ = {
			isa = XCBuildConfiguration;
			buildSettings = {
				ALWAYS_EMBED_SWIFT_STANDARD_LIBRARIES = YES;
				BUNDLE_LOADER = "$(TEST_HOST)";
				CODE_SIGN_STYLE = Automatic;
				CURRENT_PROJECT_VERSION = 1;
				DEVELOPMENT_TEAM = ZDJ95T6M99;
				GENERATE_INFOPLIST_FILE = YES;
				IPHONEOS_DEPLOYMENT_TARGET = 16.2;
				MARKETING_VERSION = 1.0;
				PRODUCT_BUNDLE_IDENTIFIER = io.woozoobro.AppleFrameworkListTests;
				PRODUCT_NAME = "$(TARGET_NAME)";
				SWIFT_EMIT_LOC_STRINGS = NO;
				SWIFT_VERSION = 5.0;
				TARGETED_DEVICE_FAMILY = "1,2";
				TEST_HOST = "$(BUILT_PRODUCTS_DIR)/AppleFrameworkList.app/$(BUNDLE_EXECUTABLE_FOLDER_PATH)/AppleFrameworkList";
			};
			name = Release;
		};
		9D7504DA2957F1110044773A /* Debug */ = {
			isa = XCBuildConfiguration;
			buildSettings = {
				ALWAYS_EMBED_SWIFT_STANDARD_LIBRARIES = YES;
				CODE_SIGN_STYLE = Automatic;
				CURRENT_PROJECT_VERSION = 1;
				DEVELOPMENT_TEAM = ZDJ95T6M99;
				GENERATE_INFOPLIST_FILE = YES;
				MARKETING_VERSION = 1.0;
				PRODUCT_BUNDLE_IDENTIFIER = io.woozoobro.AppleFrameworkListUITests;
				PRODUCT_NAME = "$(TARGET_NAME)";
				SWIFT_EMIT_LOC_STRINGS = NO;
				SWIFT_VERSION = 5.0;
				TARGETED_DEVICE_FAMILY = "1,2";
				TEST_TARGET_NAME = AppleFrameworkList;
			};
			name = Debug;
		};
		9D7504DB2957F1110044773A /* Release */ = {
			isa = XCBuildConfiguration;
			buildSettings = {
				ALWAYS_EMBED_SWIFT_STANDARD_LIBRARIES = YES;
				CODE_SIGN_STYLE = Automatic;
				CURRENT_PROJECT_VERSION = 1;
				DEVELOPMENT_TEAM = ZDJ95T6M99;
				GENERATE_INFOPLIST_FILE = YES;
				MARKETING_VERSION = 1.0;
				PRODUCT_BUNDLE_IDENTIFIER = io.woozoobro.AppleFrameworkListUITests;
				PRODUCT_NAME = "$(TARGET_NAME)";
				SWIFT_EMIT_LOC_STRINGS = NO;
				SWIFT_VERSION = 5.0;
				TARGETED_DEVICE_FAMILY = "1,2";
				TEST_TARGET_NAME = AppleFrameworkList;
			};
			name = Release;
		};
/* End XCBuildConfiguration section */

/* Begin XCConfigurationList section */
		9D7504A42957F1100044773A /* Build configuration list for PBXProject "AppleFrameworkListDiffable" */ = {
			isa = XCConfigurationList;
			buildConfigurations = (
				9D7504D12957F1110044773A /* Debug */,
				9D7504D22957F1110044773A /* Release */,
			);
			defaultConfigurationIsVisible = 0;
			defaultConfigurationName = Release;
		};
		9D7504D32957F1110044773A /* Build configuration list for PBXNativeTarget "AppleFrameworkList" */ = {
			isa = XCConfigurationList;
			buildConfigurations = (
				9D7504D42957F1110044773A /* Debug */,
				9D7504D52957F1110044773A /* Release */,
			);
			defaultConfigurationIsVisible = 0;
			defaultConfigurationName = Release;
		};
		9D7504D62957F1110044773A /* Build configuration list for PBXNativeTarget "AppleFrameworkListTests" */ = {
			isa = XCConfigurationList;
			buildConfigurations = (
				9D7504D72957F1110044773A /* Debug */,
				9D7504D82957F1110044773A /* Release */,
			);
			defaultConfigurationIsVisible = 0;
			defaultConfigurationName = Release;
		};
		9D7504D92957F1110044773A /* Build configuration list for PBXNativeTarget "AppleFrameworkListUITests" */ = {
			isa = XCConfigurationList;
			buildConfigurations = (
				9D7504DA2957F1110044773A /* Debug */,
				9D7504DB2957F1110044773A /* Release */,
			);
			defaultConfigurationIsVisible = 0;
			defaultConfigurationName = Release;
		};
/* End XCConfigurationList section */
	};
	rootObject = 9D7504A12957F1100044773A /* Project object */;
}
